// !$*UTF8*$!
{
	archiveVersion = 1;
	classes = {
	};
	objectVersion = 46;
	objects = {

/* Begin PBXBuildFile section */
		FA0A02F1199AD112000F56A2 /* CFTAsset+Pasteboard.m in Sources */ = {isa = PBXBuildFile; fileRef = FA0A02F0199AD112000F56A2 /* CFTAsset+Pasteboard.m */; };
		FA0A02F7199AD1CC000F56A2 /* CFTEffectWrapper+Pasteboard.m in Sources */ = {isa = PBXBuildFile; fileRef = FA0A02F6199AD1CC000F56A2 /* CFTEffectWrapper+Pasteboard.m */; };
		FA0A02FA199AD8B8000F56A2 /* CFTGradient+Pasteboard.m in Sources */ = {isa = PBXBuildFile; fileRef = FA0A02F9199AD8B8000F56A2 /* CFTGradient+Pasteboard.m */; };
		FA472ABC19985AB4003631BC /* ZKInspector.m in Sources */ = {isa = PBXBuildFile; fileRef = FA472AAC19985AB4003631BC /* ZKInspector.m */; };
		FA6BEDB61999B8D1006BF951 /* TEGradientView.m in Sources */ = {isa = PBXBuildFile; fileRef = FA6BEDB51999B8D1006BF951 /* TEGradientView.m */; };
		FA6BEDB91999D5C3006BF951 /* CFTEffectWrapper.m in Sources */ = {isa = PBXBuildFile; fileRef = FA6BEDB81999D5C3006BF951 /* CFTEffectWrapper.m */; };
		FA6BEDBC1999D5CE006BF951 /* CFTEffect.m in Sources */ = {isa = PBXBuildFile; fileRef = FA6BEDBB1999D5CE006BF951 /* CFTEffect.m */; };
		FA6BEDBD1999F9F8006BF951 /* CFTEffectWrapper.m in Sources */ = {isa = PBXBuildFile; fileRef = FA6BEDB81999D5C3006BF951 /* CFTEffectWrapper.m */; };
		FA6BEDBE1999F9FA006BF951 /* CFTEffect.m in Sources */ = {isa = PBXBuildFile; fileRef = FA6BEDBB1999D5CE006BF951 /* CFTEffect.m */; };
		FA7B5F78199600FF00D0B2AD /* TEAssetDetailViewController.m in Sources */ = {isa = PBXBuildFile; fileRef = FA7B5F76199600FF00D0B2AD /* TEAssetDetailViewController.m */; };
		FA7B5F79199600FF00D0B2AD /* Detail.xib in Resources */ = {isa = PBXBuildFile; fileRef = FA7B5F77199600FF00D0B2AD /* Detail.xib */; };
		FA7C1EE5199D422000AE156A /* TEPhotoshopController.m in Sources */ = {isa = PBXBuildFile; fileRef = FA7C1EE4199D422000AE156A /* TEPhotoshopController.m */; };
		FA7C1EEC199DD3F900AE156A /* TEAnimationView.m in Sources */ = {isa = PBXBuildFile; fileRef = FA7C1EEB199DD3F900AE156A /* TEAnimationView.m */; };
		FA7C1EEF199ED87500AE156A /* TELayerEffectsViewController.m in Sources */ = {isa = PBXBuildFile; fileRef = FA7C1EEE199ED87500AE156A /* TELayerEffectsViewController.m */; };
		FA7C1EF1199FFE4400AE156A /* CFTEffectWrapper+Pasteboard.m in Sources */ = {isa = PBXBuildFile; fileRef = FA0A02F6199AD1CC000F56A2 /* CFTEffectWrapper+Pasteboard.m */; };
		FA7C1EF2199FFE4400AE156A /* CFTGradient+Pasteboard.m in Sources */ = {isa = PBXBuildFile; fileRef = FA0A02F9199AD8B8000F56A2 /* CFTGradient+Pasteboard.m */; };
		FA7C1EF3199FFE4400AE156A /* NSColor+Pasteboard.m in Sources */ = {isa = PBXBuildFile; fileRef = FA98319E199BB9FD00739B89 /* NSColor+Pasteboard.m */; };
		FA7C1EF619A005D700AE156A /* CFTAsset+Coding.m in Sources */ = {isa = PBXBuildFile; fileRef = FA7C1EF519A005D700AE156A /* CFTAsset+Coding.m */; };
		FA7C1EFC19A0093800AE156A /* CFTAsset+IKImageBrowserItem.m in Sources */ = {isa = PBXBuildFile; fileRef = FA7C1EFB19A0093800AE156A /* CFTAsset+IKImageBrowserItem.m */; };
		FA98319F199BB9FD00739B89 /* NSColor+Pasteboard.m in Sources */ = {isa = PBXBuildFile; fileRef = FA98319E199BB9FD00739B89 /* NSColor+Pasteboard.m */; settings = {COMPILER_FLAGS = "-fno-objc-arc"; }; };
		FA9831A2199BD02000739B89 /* CFTGradient.m in Sources */ = {isa = PBXBuildFile; fileRef = FA9831A1199BD02000739B89 /* CFTGradient.m */; };
		FA9831A3199BD23E00739B89 /* CFTGradient.m in Sources */ = {isa = PBXBuildFile; fileRef = FA9831A1199BD02000739B89 /* CFTGradient.m */; };
		FA9831A7199BE36300739B89 /* CFTGradientEditor.m in Sources */ = {isa = PBXBuildFile; fileRef = FA9831A6199BE36300739B89 /* CFTGradientEditor.m */; };
		FAAD570F19994D4600229C3D /* Elements.xib in Resources */ = {isa = PBXBuildFile; fileRef = FAAD570E19994D4600229C3D /* Elements.xib */; };
		FACFC2CB199485E900ED936C /* main.m in Sources */ = {isa = PBXBuildFile; fileRef = FACFC2CA199485E900ED936C /* main.m */; };
		FACFC2D21994861800ED936C /* CoreUI.framework in Frameworks */ = {isa = PBXBuildFile; fileRef = FACFC2D11994861800ED936C /* CoreUI.framework */; };
		FACFC2DE199492C500ED936C /* CFTAsset.m in Sources */ = {isa = PBXBuildFile; fileRef = FACFC2DD199492C500ED936C /* CFTAsset.m */; };
		FACFC2EA1994B52900ED936C /* CFTElement.m in Sources */ = {isa = PBXBuildFile; fileRef = FACFC2E91994B52900ED936C /* CFTElement.m */; };
		FACFC2ED1994B91000ED936C /* CFTElementStore.m in Sources */ = {isa = PBXBuildFile; fileRef = FACFC2EC1994B91000ED936C /* CFTElementStore.m */; };
		FACFC2EF19955F6800ED936C /* CFTDefines.m in Sources */ = {isa = PBXBuildFile; fileRef = FACFC2EE19955F6800ED936C /* CFTDefines.m */; };
		FACFC3211995A21700ED936C /* main.m in Sources */ = {isa = PBXBuildFile; fileRef = FACFC3201995A21700ED936C /* main.m */; };
		FACFC3291995A21700ED936C /* Images.xcassets in Resources */ = {isa = PBXBuildFile; fileRef = FACFC3281995A21700ED936C /* Images.xcassets */; };
		FACFC32C1995A21700ED936C /* MainMenu.xib in Resources */ = {isa = PBXBuildFile; fileRef = FACFC32A1995A21700ED936C /* MainMenu.xib */; };
		FACFC3401995A26A00ED936C /* CFTAsset.m in Sources */ = {isa = PBXBuildFile; fileRef = FACFC2DD199492C500ED936C /* CFTAsset.m */; };
		FACFC3411995A26A00ED936C /* CFTElement.m in Sources */ = {isa = PBXBuildFile; fileRef = FACFC2E91994B52900ED936C /* CFTElement.m */; };
		FACFC3421995A26A00ED936C /* CFTElementStore.m in Sources */ = {isa = PBXBuildFile; fileRef = FACFC2EC1994B91000ED936C /* CFTElementStore.m */; };
		FACFC3441995A26A00ED936C /* CFTDefines.m in Sources */ = {isa = PBXBuildFile; fileRef = FACFC2EE19955F6800ED936C /* CFTDefines.m */; };
		FACFC3451995A36900ED936C /* CoreUI.framework in Frameworks */ = {isa = PBXBuildFile; fileRef = FACFC2D11994861800ED936C /* CoreUI.framework */; };
		FACFC3481995A3B700ED936C /* TEAppDelegate.m in Sources */ = {isa = PBXBuildFile; fileRef = FACFC3471995A3B700ED936C /* TEAppDelegate.m */; };
		FACFC34C1995A3D300ED936C /* TEDocument.m in Sources */ = {isa = PBXBuildFile; fileRef = FACFC34A1995A3D300ED936C /* TEDocument.m */; };
		FACFC34D1995A3D300ED936C /* TEDocument.xib in Resources */ = {isa = PBXBuildFile; fileRef = FACFC34B1995A3D300ED936C /* TEDocument.xib */; };
		FACFC3571995BA9400ED936C /* TEElementViewController.m in Sources */ = {isa = PBXBuildFile; fileRef = FACFC3551995BA9400ED936C /* TEElementViewController.m */; };
		FAEC5265199C4FEA00045AFA /* TEGradientStopViewController.m in Sources */ = {isa = PBXBuildFile; fileRef = FAEC5264199C4FEA00045AFA /* TEGradientStopViewController.m */; };
		FAEC5268199C526900045AFA /* CUIPSDGradientStop+KVO.m in Sources */ = {isa = PBXBuildFile; fileRef = FAEC5267199C526900045AFA /* CUIPSDGradientStop+KVO.m */; };
		FAEC5279199C570000045AFA /* ZKSwizzle.m in Sources */ = {isa = PBXBuildFile; fileRef = FAEC526F199C570000045AFA /* ZKSwizzle.m */; };
		FAEC5282199C7A9400045AFA /* ZKSwizzle.m in Sources */ = {isa = PBXBuildFile; fileRef = FAEC526F199C570000045AFA /* ZKSwizzle.m */; };
		FAEC528E199C828900045AFA /* CUIThemeGradient+Radial.m in Sources */ = {isa = PBXBuildFile; fileRef = FAEC528D199C828900045AFA /* CUIThemeGradient+Radial.m */; };
		FAEC528F199C874100045AFA /* CUIThemeGradient+Radial.m in Sources */ = {isa = PBXBuildFile; fileRef = FAEC528D199C828900045AFA /* CUIThemeGradient+Radial.m */; };
		FAF726C91996E72E00CC2366 /* Bom.framework in Frameworks */ = {isa = PBXBuildFile; fileRef = FAF726C81996E72E00CC2366 /* Bom.framework */; };
		FAF726CC1997056100CC2366 /* Bom.framework in Frameworks */ = {isa = PBXBuildFile; fileRef = FAF726C81996E72E00CC2366 /* Bom.framework */; };
		FAF726CF199719D500CC2366 /* TEImageSliceView.m in Sources */ = {isa = PBXBuildFile; fileRef = FAF726CE199719D500CC2366 /* TEImageSliceView.m */; };
/* End PBXBuildFile section */

/* Begin PBXCopyFilesBuildPhase section */
		FACFC2C5199485E900ED936C /* CopyFiles */ = {
			isa = PBXCopyFilesBuildPhase;
			buildActionMask = 2147483647;
			dstPath = /usr/share/man/man1/;
			dstSubfolderSpec = 0;
			files = (
			);
			runOnlyForDeploymentPostprocessing = 1;
		};
/* End PBXCopyFilesBuildPhase section */

/* Begin PBXFileReference section */
		FA0A02EF199AD112000F56A2 /* CFTAsset+Pasteboard.h */ = {isa = PBXFileReference; fileEncoding = 4; lastKnownFileType = sourcecode.c.h; name = "CFTAsset+Pasteboard.h"; path = "src/categories/CFTAsset+Pasteboard.h"; sourceTree = "<group>"; };
		FA0A02F0199AD112000F56A2 /* CFTAsset+Pasteboard.m */ = {isa = PBXFileReference; fileEncoding = 4; lastKnownFileType = sourcecode.c.objc; name = "CFTAsset+Pasteboard.m"; path = "src/categories/CFTAsset+Pasteboard.m"; sourceTree = "<group>"; };
		FA0A02F5199AD1CC000F56A2 /* CFTEffectWrapper+Pasteboard.h */ = {isa = PBXFileReference; fileEncoding = 4; lastKnownFileType = sourcecode.c.h; name = "CFTEffectWrapper+Pasteboard.h"; path = "src/categories/CFTEffectWrapper+Pasteboard.h"; sourceTree = "<group>"; };
		FA0A02F6199AD1CC000F56A2 /* CFTEffectWrapper+Pasteboard.m */ = {isa = PBXFileReference; fileEncoding = 4; lastKnownFileType = sourcecode.c.objc; name = "CFTEffectWrapper+Pasteboard.m"; path = "src/categories/CFTEffectWrapper+Pasteboard.m"; sourceTree = "<group>"; };
		FA0A02F8199AD8B8000F56A2 /* CFTGradient+Pasteboard.h */ = {isa = PBXFileReference; fileEncoding = 4; lastKnownFileType = sourcecode.c.h; name = "CFTGradient+Pasteboard.h"; path = "src/categories/CFTGradient+Pasteboard.h"; sourceTree = "<group>"; };
		FA0A02F9199AD8B8000F56A2 /* CFTGradient+Pasteboard.m */ = {isa = PBXFileReference; fileEncoding = 4; lastKnownFileType = sourcecode.c.objc; name = "CFTGradient+Pasteboard.m"; path = "src/categories/CFTGradient+Pasteboard.m"; sourceTree = "<group>"; };
		FA472AAB19985AB4003631BC /* ZKInspector.h */ = {isa = PBXFileReference; fileEncoding = 4; lastKnownFileType = sourcecode.c.h; name = ZKInspector.h; path = ZKInspector/ZKInspector.h; sourceTree = "<group>"; };
		FA472AAC19985AB4003631BC /* ZKInspector.m */ = {isa = PBXFileReference; fileEncoding = 4; lastKnownFileType = sourcecode.c.objc; name = ZKInspector.m; path = ZKInspector/ZKInspector.m; sourceTree = "<group>"; };
		FA6BEDB41999B8D1006BF951 /* TEGradientView.h */ = {isa = PBXFileReference; fileEncoding = 4; lastKnownFileType = sourcecode.c.h; name = TEGradientView.h; path = src/views/TEGradientView.h; sourceTree = "<group>"; };
		FA6BEDB51999B8D1006BF951 /* TEGradientView.m */ = {isa = PBXFileReference; fileEncoding = 4; lastKnownFileType = sourcecode.c.objc; name = TEGradientView.m; path = src/views/TEGradientView.m; sourceTree = "<group>"; };
		FA6BEDB71999D5C3006BF951 /* CFTEffectWrapper.h */ = {isa = PBXFileReference; fileEncoding = 4; lastKnownFileType = sourcecode.c.h; name = CFTEffectWrapper.h; path = src/CFTEffectWrapper.h; sourceTree = "<group>"; };
		FA6BEDB81999D5C3006BF951 /* CFTEffectWrapper.m */ = {isa = PBXFileReference; fileEncoding = 4; lastKnownFileType = sourcecode.c.objc; name = CFTEffectWrapper.m; path = src/CFTEffectWrapper.m; sourceTree = "<group>"; };
		FA6BEDBA1999D5CE006BF951 /* CFTEffect.h */ = {isa = PBXFileReference; fileEncoding = 4; lastKnownFileType = sourcecode.c.h; name = CFTEffect.h; path = src/CFTEffect.h; sourceTree = "<group>"; };
		FA6BEDBB1999D5CE006BF951 /* CFTEffect.m */ = {isa = PBXFileReference; fileEncoding = 4; lastKnownFileType = sourcecode.c.objc; name = CFTEffect.m; path = src/CFTEffect.m; sourceTree = "<group>"; };
		FA7B5F75199600FF00D0B2AD /* TEAssetDetailViewController.h */ = {isa = PBXFileReference; fileEncoding = 4; lastKnownFileType = sourcecode.c.h; name = TEAssetDetailViewController.h; path = src/controllers/TEAssetDetailViewController.h; sourceTree = "<group>"; };
		FA7B5F76199600FF00D0B2AD /* TEAssetDetailViewController.m */ = {isa = PBXFileReference; fileEncoding = 4; lastKnownFileType = sourcecode.c.objc; name = TEAssetDetailViewController.m; path = src/controllers/TEAssetDetailViewController.m; sourceTree = "<group>"; };
		FA7B5F77199600FF00D0B2AD /* Detail.xib */ = {isa = PBXFileReference; fileEncoding = 4; lastKnownFileType = file.xib; name = Detail.xib; path = src/controllers/Detail.xib; sourceTree = "<group>"; };
		FA7C1EE3199D422000AE156A /* TEPhotoshopController.h */ = {isa = PBXFileReference; fileEncoding = 4; lastKnownFileType = sourcecode.c.h; name = TEPhotoshopController.h; path = src/controllers/TEPhotoshopController.h; sourceTree = "<group>"; };
		FA7C1EE4199D422000AE156A /* TEPhotoshopController.m */ = {isa = PBXFileReference; fileEncoding = 4; lastKnownFileType = sourcecode.c.objc; name = TEPhotoshopController.m; path = src/controllers/TEPhotoshopController.m; sourceTree = "<group>"; };
		FA7C1EEA199DD3F900AE156A /* TEAnimationView.h */ = {isa = PBXFileReference; fileEncoding = 4; lastKnownFileType = sourcecode.c.h; name = TEAnimationView.h; path = src/views/TEAnimationView.h; sourceTree = "<group>"; };
		FA7C1EEB199DD3F900AE156A /* TEAnimationView.m */ = {isa = PBXFileReference; fileEncoding = 4; lastKnownFileType = sourcecode.c.objc; name = TEAnimationView.m; path = src/views/TEAnimationView.m; sourceTree = "<group>"; };
		FA7C1EED199ED87500AE156A /* TELayerEffectsViewController.h */ = {isa = PBXFileReference; fileEncoding = 4; lastKnownFileType = sourcecode.c.h; name = TELayerEffectsViewController.h; path = src/controllers/TELayerEffectsViewController.h; sourceTree = "<group>"; };
		FA7C1EEE199ED87500AE156A /* TELayerEffectsViewController.m */ = {isa = PBXFileReference; fileEncoding = 4; lastKnownFileType = sourcecode.c.objc; name = TELayerEffectsViewController.m; path = src/controllers/TELayerEffectsViewController.m; sourceTree = "<group>"; };
		FA7C1EF419A005D700AE156A /* CFTAsset+Coding.h */ = {isa = PBXFileReference; fileEncoding = 4; lastKnownFileType = sourcecode.c.h; name = "CFTAsset+Coding.h"; path = "src/categories/CFTAsset+Coding.h"; sourceTree = "<group>"; };
		FA7C1EF519A005D700AE156A /* CFTAsset+Coding.m */ = {isa = PBXFileReference; fileEncoding = 4; lastKnownFileType = sourcecode.c.objc; name = "CFTAsset+Coding.m"; path = "src/categories/CFTAsset+Coding.m"; sourceTree = "<group>"; };
		FA7C1EFA19A0093800AE156A /* CFTAsset+IKImageBrowserItem.h */ = {isa = PBXFileReference; fileEncoding = 4; lastKnownFileType = sourcecode.c.h; name = "CFTAsset+IKImageBrowserItem.h"; path = "src/categories/CFTAsset+IKImageBrowserItem.h"; sourceTree = "<group>"; };
		FA7C1EFB19A0093800AE156A /* CFTAsset+IKImageBrowserItem.m */ = {isa = PBXFileReference; fileEncoding = 4; lastKnownFileType = sourcecode.c.objc; name = "CFTAsset+IKImageBrowserItem.m"; path = "src/categories/CFTAsset+IKImageBrowserItem.m"; sourceTree = "<group>"; };
		FA98319D199BB9FD00739B89 /* NSColor+Pasteboard.h */ = {isa = PBXFileReference; fileEncoding = 4; lastKnownFileType = sourcecode.c.h; name = "NSColor+Pasteboard.h"; path = "src/categories/NSColor+Pasteboard.h"; sourceTree = "<group>"; };
		FA98319E199BB9FD00739B89 /* NSColor+Pasteboard.m */ = {isa = PBXFileReference; fileEncoding = 4; lastKnownFileType = sourcecode.c.objc; name = "NSColor+Pasteboard.m"; path = "src/categories/NSColor+Pasteboard.m"; sourceTree = "<group>"; };
		FA9831A0199BD02000739B89 /* CFTGradient.h */ = {isa = PBXFileReference; fileEncoding = 4; lastKnownFileType = sourcecode.c.h; name = CFTGradient.h; path = src/CFTGradient.h; sourceTree = "<group>"; };
		FA9831A1199BD02000739B89 /* CFTGradient.m */ = {isa = PBXFileReference; fileEncoding = 4; lastKnownFileType = sourcecode.c.objc; name = CFTGradient.m; path = src/CFTGradient.m; sourceTree = "<group>"; };
		FA9831A4199BD3FF00739B89 /* CUIColor.h */ = {isa = PBXFileReference; lastKnownFileType = sourcecode.c.h; path = CUIColor.h; sourceTree = "<group>"; };
		FA9831A5199BE36300739B89 /* CFTGradientEditor.h */ = {isa = PBXFileReference; fileEncoding = 4; lastKnownFileType = sourcecode.c.h; name = CFTGradientEditor.h; path = src/views/CFTGradientEditor.h; sourceTree = "<group>"; };
		FA9831A6199BE36300739B89 /* CFTGradientEditor.m */ = {isa = PBXFileReference; fileEncoding = 4; lastKnownFileType = sourcecode.c.objc; name = CFTGradientEditor.m; path = src/views/CFTGradientEditor.m; sourceTree = "<group>"; };
		FA9831A8199BE97F00739B89 /* CUIPSDGradientColorStop.h */ = {isa = PBXFileReference; lastKnownFileType = sourcecode.c.h; path = CUIPSDGradientColorStop.h; sourceTree = "<group>"; };
		FA9831A9199BE97F00739B89 /* CUIPSDGradientDoubleColorStop.h */ = {isa = PBXFileReference; lastKnownFileType = sourcecode.c.h; path = CUIPSDGradientDoubleColorStop.h; sourceTree = "<group>"; };
		FA9831AA199BE97F00739B89 /* CUIPSDGradientDoubleOpacityStop.h */ = {isa = PBXFileReference; lastKnownFileType = sourcecode.c.h; path = CUIPSDGradientDoubleOpacityStop.h; sourceTree = "<group>"; };
		FA9831AB199BE97F00739B89 /* CUIPSDGradientOpacityStop.h */ = {isa = PBXFileReference; lastKnownFileType = sourcecode.c.h; path = CUIPSDGradientOpacityStop.h; sourceTree = "<group>"; };
		FA9831AC199BE97F00739B89 /* CUIPSDGradientStop.h */ = {isa = PBXFileReference; lastKnownFileType = sourcecode.c.h; path = CUIPSDGradientStop.h; sourceTree = "<group>"; };
		FAAD570E19994D4600229C3D /* Elements.xib */ = {isa = PBXFileReference; fileEncoding = 4; lastKnownFileType = file.xib; name = Elements.xib; path = src/controllers/Elements.xib; sourceTree = "<group>"; };
		FACFC2C7199485E900ED936C /* carFileTool */ = {isa = PBXFileReference; explicitFileType = "compiled.mach-o.executable"; includeInIndex = 0; path = carFileTool; sourceTree = BUILT_PRODUCTS_DIR; };
		FACFC2CA199485E900ED936C /* main.m */ = {isa = PBXFileReference; lastKnownFileType = sourcecode.c.objc; path = main.m; sourceTree = "<group>"; };
		FACFC2D11994861800ED936C /* CoreUI.framework */ = {isa = PBXFileReference; lastKnownFileType = wrapper.framework; name = CoreUI.framework; path = ../../../../../../../../System/Library/PrivateFrameworks/CoreUI.framework; sourceTree = "<group>"; };
		FACFC2D41994927100ED936C /* CSIBitmapWrapper.h */ = {isa = PBXFileReference; lastKnownFileType = sourcecode.c.h; path = CSIBitmapWrapper.h; sourceTree = "<group>"; };
		FACFC2D51994927100ED936C /* CSIGenerator.h */ = {isa = PBXFileReference; lastKnownFileType = sourcecode.c.h; path = CSIGenerator.h; sourceTree = "<group>"; };
		FACFC2D61994927100ED936C /* CUIMutableCommonAssetStorage.h */ = {isa = PBXFileReference; lastKnownFileType = sourcecode.c.h; path = CUIMutableCommonAssetStorage.h; sourceTree = "<group>"; };
		FACFC2D71994927100ED936C /* CUIRenditionKey.h */ = {isa = PBXFileReference; lastKnownFileType = sourcecode.c.h; path = CUIRenditionKey.h; sourceTree = "<group>"; };
		FACFC2D81994927100ED936C /* CUIRenditionMetrics.h */ = {isa = PBXFileReference; lastKnownFileType = sourcecode.c.h; path = CUIRenditionMetrics.h; sourceTree = "<group>"; };
		FACFC2D91994927100ED936C /* CUIShapeEffectPreset.h */ = {isa = PBXFileReference; lastKnownFileType = sourcecode.c.h; path = CUIShapeEffectPreset.h; sourceTree = "<group>"; };
		FACFC2DA1994927100ED936C /* CUIThemeGradient.h */ = {isa = PBXFileReference; lastKnownFileType = sourcecode.c.h; path = CUIThemeGradient.h; sourceTree = "<group>"; };
		FACFC2DB1994927100ED936C /* CUIThemeRendition.h */ = {isa = PBXFileReference; lastKnownFileType = sourcecode.c.h; path = CUIThemeRendition.h; sourceTree = "<group>"; };
		FACFC2DC199492C500ED936C /* CFTAsset.h */ = {isa = PBXFileReference; fileEncoding = 4; lastKnownFileType = sourcecode.c.h; name = CFTAsset.h; path = src/CFTAsset.h; sourceTree = "<group>"; };
		FACFC2DD199492C500ED936C /* CFTAsset.m */ = {isa = PBXFileReference; fileEncoding = 4; lastKnownFileType = sourcecode.c.objc; name = CFTAsset.m; path = src/CFTAsset.m; sourceTree = "<group>"; };
		FACFC2DF199494AB00ED936C /* CUIMutableStructuredThemeStore.h */ = {isa = PBXFileReference; lastKnownFileType = sourcecode.c.h; path = CUIMutableStructuredThemeStore.h; sourceTree = "<group>"; };
		FACFC2E0199494AB00ED936C /* CUIStructuredThemeStore.h */ = {isa = PBXFileReference; lastKnownFileType = sourcecode.c.h; path = CUIStructuredThemeStore.h; sourceTree = "<group>"; };
		FACFC2E1199494C100ED936C /* CUICommonAssetStorage.h */ = {isa = PBXFileReference; lastKnownFileType = sourcecode.c.h; path = CUICommonAssetStorage.h; sourceTree = "<group>"; };
		FACFC2E21994998C00ED936C /* CFTDefines.h */ = {isa = PBXFileReference; lastKnownFileType = sourcecode.c.h; path = CFTDefines.h; sourceTree = "<group>"; };
		FACFC2E3199499C000ED936C /* prefix.pch */ = {isa = PBXFileReference; lastKnownFileType = sourcecode.c.h; path = prefix.pch; sourceTree = "<group>"; };
		FACFC2E419949B1B00ED936C /* CUIPSDGradient.h */ = {isa = PBXFileReference; lastKnownFileType = sourcecode.c.h; path = CUIPSDGradient.h; sourceTree = "<group>"; };
		FACFC2E519949BEC00ED936C /* CUIPSDGradientEvaluator.h */ = {isa = PBXFileReference; lastKnownFileType = sourcecode.c.h; path = CUIPSDGradientEvaluator.h; sourceTree = "<group>"; };
		FACFC2E81994B52900ED936C /* CFTElement.h */ = {isa = PBXFileReference; fileEncoding = 4; lastKnownFileType = sourcecode.c.h; name = CFTElement.h; path = src/CFTElement.h; sourceTree = "<group>"; };
		FACFC2E91994B52900ED936C /* CFTElement.m */ = {isa = PBXFileReference; fileEncoding = 4; lastKnownFileType = sourcecode.c.objc; name = CFTElement.m; path = src/CFTElement.m; sourceTree = "<group>"; };
		FACFC2EB1994B91000ED936C /* CFTElementStore.h */ = {isa = PBXFileReference; fileEncoding = 4; lastKnownFileType = sourcecode.c.h; name = CFTElementStore.h; path = src/CFTElementStore.h; sourceTree = "<group>"; };
		FACFC2EC1994B91000ED936C /* CFTElementStore.m */ = {isa = PBXFileReference; fileEncoding = 4; lastKnownFileType = sourcecode.c.objc; name = CFTElementStore.m; path = src/CFTElementStore.m; sourceTree = "<group>"; };
		FACFC2EE19955F6800ED936C /* CFTDefines.m */ = {isa = PBXFileReference; fileEncoding = 4; lastKnownFileType = sourcecode.c.objc; path = CFTDefines.m; sourceTree = "<group>"; };
		FACFC31C1995A21700ED936C /* ThemeEngine.app */ = {isa = PBXFileReference; explicitFileType = wrapper.application; includeInIndex = 0; path = ThemeEngine.app; sourceTree = BUILT_PRODUCTS_DIR; };
		FACFC31F1995A21700ED936C /* Info.plist */ = {isa = PBXFileReference; lastKnownFileType = text.plist.xml; path = Info.plist; sourceTree = "<group>"; };
		FACFC3201995A21700ED936C /* main.m */ = {isa = PBXFileReference; lastKnownFileType = sourcecode.c.objc; path = main.m; sourceTree = "<group>"; };
		FACFC3281995A21700ED936C /* Images.xcassets */ = {isa = PBXFileReference; lastKnownFileType = folder.assetcatalog; path = Images.xcassets; sourceTree = "<group>"; };
		FACFC32B1995A21700ED936C /* Base */ = {isa = PBXFileReference; lastKnownFileType = file.xib; name = Base; path = Base.lproj/MainMenu.xib; sourceTree = "<group>"; };
		FACFC3461995A3B700ED936C /* TEAppDelegate.h */ = {isa = PBXFileReference; fileEncoding = 4; lastKnownFileType = sourcecode.c.h; name = TEAppDelegate.h; path = src/controllers/TEAppDelegate.h; sourceTree = "<group>"; };
		FACFC3471995A3B700ED936C /* TEAppDelegate.m */ = {isa = PBXFileReference; fileEncoding = 4; lastKnownFileType = sourcecode.c.objc; name = TEAppDelegate.m; path = src/controllers/TEAppDelegate.m; sourceTree = "<group>"; };
		FACFC3491995A3D300ED936C /* TEDocument.h */ = {isa = PBXFileReference; fileEncoding = 4; lastKnownFileType = sourcecode.c.h; name = TEDocument.h; path = src/models/TEDocument.h; sourceTree = "<group>"; };
		FACFC34A1995A3D300ED936C /* TEDocument.m */ = {isa = PBXFileReference; fileEncoding = 4; lastKnownFileType = sourcecode.c.objc; name = TEDocument.m; path = src/models/TEDocument.m; sourceTree = "<group>"; };
		FACFC34B1995A3D300ED936C /* TEDocument.xib */ = {isa = PBXFileReference; fileEncoding = 4; lastKnownFileType = file.xib; name = TEDocument.xib; path = src/models/TEDocument.xib; sourceTree = "<group>"; };
		FACFC34E1995A56100ED936C /* CUICatalog.h */ = {isa = PBXFileReference; lastKnownFileType = sourcecode.c.h; path = CUICatalog.h; sourceTree = "<group>"; };
		FACFC34F1995A5E700ED936C /* NSAppearance.h */ = {isa = PBXFileReference; lastKnownFileType = sourcecode.c.h; path = NSAppearance.h; sourceTree = "<group>"; };
		FACFC3541995BA9400ED936C /* TEElementViewController.h */ = {isa = PBXFileReference; fileEncoding = 4; lastKnownFileType = sourcecode.c.h; name = TEElementViewController.h; path = src/controllers/TEElementViewController.h; sourceTree = "<group>"; };
		FACFC3551995BA9400ED936C /* TEElementViewController.m */ = {isa = PBXFileReference; fileEncoding = 4; lastKnownFileType = sourcecode.c.objc; name = TEElementViewController.m; path = src/controllers/TEElementViewController.m; sourceTree = "<group>"; };
		FAEC5263199C4FEA00045AFA /* TEGradientStopViewController.h */ = {isa = PBXFileReference; fileEncoding = 4; lastKnownFileType = sourcecode.c.h; name = TEGradientStopViewController.h; path = src/controllers/TEGradientStopViewController.h; sourceTree = "<group>"; };
		FAEC5264199C4FEA00045AFA /* TEGradientStopViewController.m */ = {isa = PBXFileReference; fileEncoding = 4; lastKnownFileType = sourcecode.c.objc; name = TEGradientStopViewController.m; path = src/controllers/TEGradientStopViewController.m; sourceTree = "<group>"; };
		FAEC5266199C526900045AFA /* CUIPSDGradientStop+KVO.h */ = {isa = PBXFileReference; fileEncoding = 4; lastKnownFileType = sourcecode.c.h; name = "CUIPSDGradientStop+KVO.h"; path = "src/categories/CUIPSDGradientStop+KVO.h"; sourceTree = "<group>"; };
		FAEC5267199C526900045AFA /* CUIPSDGradientStop+KVO.m */ = {isa = PBXFileReference; fileEncoding = 4; lastKnownFileType = sourcecode.c.objc; name = "CUIPSDGradientStop+KVO.m"; path = "src/categories/CUIPSDGradientStop+KVO.m"; sourceTree = "<group>"; };
		FAEC526E199C570000045AFA /* ZKSwizzle.h */ = {isa = PBXFileReference; fileEncoding = 4; lastKnownFileType = sourcecode.c.h; name = ZKSwizzle.h; path = ZKSwizzle/ZKSwizzle.h; sourceTree = "<group>"; };
		FAEC526F199C570000045AFA /* ZKSwizzle.m */ = {isa = PBXFileReference; fileEncoding = 4; lastKnownFileType = sourcecode.c.objc; name = ZKSwizzle.m; path = ZKSwizzle/ZKSwizzle.m; sourceTree = "<group>"; };
		FAEC528C199C828900045AFA /* CUIThemeGradient+Radial.h */ = {isa = PBXFileReference; fileEncoding = 4; lastKnownFileType = sourcecode.c.h; name = "CUIThemeGradient+Radial.h"; path = "src/categories/CUIThemeGradient+Radial.h"; sourceTree = "<group>"; };
		FAEC528D199C828900045AFA /* CUIThemeGradient+Radial.m */ = {isa = PBXFileReference; fileEncoding = 4; lastKnownFileType = sourcecode.c.objc; name = "CUIThemeGradient+Radial.m"; path = "src/categories/CUIThemeGradient+Radial.m"; sourceTree = "<group>"; };
		FAF726C41996131400CC2366 /* CUIShapeEffectStack.h */ = {isa = PBXFileReference; lastKnownFileType = sourcecode.c.h; path = CUIShapeEffectStack.h; sourceTree = "<group>"; };
		FAF726C51996131400CC2366 /* CUITextEffectStack.h */ = {isa = PBXFileReference; lastKnownFileType = sourcecode.c.h; path = CUITextEffectStack.h; sourceTree = "<group>"; };
		FAF726C81996E72E00CC2366 /* Bom.framework */ = {isa = PBXFileReference; lastKnownFileType = wrapper.framework; name = Bom.framework; path = ../../../../../../../../System/Library/PrivateFrameworks/Bom.framework; sourceTree = "<group>"; };
		FAF726CD199719D500CC2366 /* TEImageSliceView.h */ = {isa = PBXFileReference; fileEncoding = 4; lastKnownFileType = sourcecode.c.h; name = TEImageSliceView.h; path = src/views/TEImageSliceView.h; sourceTree = "<group>"; };
		FAF726CE199719D500CC2366 /* TEImageSliceView.m */ = {isa = PBXFileReference; fileEncoding = 4; lastKnownFileType = sourcecode.c.objc; name = TEImageSliceView.m; path = src/views/TEImageSliceView.m; sourceTree = "<group>"; };
/* End PBXFileReference section */

/* Begin PBXFrameworksBuildPhase section */
		FACFC2C4199485E900ED936C /* Frameworks */ = {
			isa = PBXFrameworksBuildPhase;
			buildActionMask = 2147483647;
			files = (
				FAF726C91996E72E00CC2366 /* Bom.framework in Frameworks */,
				FACFC2D21994861800ED936C /* CoreUI.framework in Frameworks */,
			);
			runOnlyForDeploymentPostprocessing = 0;
		};
		FACFC3191995A21700ED936C /* Frameworks */ = {
			isa = PBXFrameworksBuildPhase;
			buildActionMask = 2147483647;
			files = (
				FACFC3451995A36900ED936C /* CoreUI.framework in Frameworks */,
				FAF726CC1997056100CC2366 /* Bom.framework in Frameworks */,
			);
			runOnlyForDeploymentPostprocessing = 0;
		};
/* End PBXFrameworksBuildPhase section */

/* Begin PBXGroup section */
		FA472A9D19985AB4003631BC /* external */ = {
			isa = PBXGroup;
			children = (
				FAEC5269199C570000045AFA /* ZKSwizzle */,
				FA472A9E19985AB4003631BC /* ZKInspector */,
			);
			name = external;
			path = src/external;
			sourceTree = "<group>";
		};
		FA472A9E19985AB4003631BC /* ZKInspector */ = {
			isa = PBXGroup;
			children = (
				FA472AAB19985AB4003631BC /* ZKInspector.h */,
				FA472AAC19985AB4003631BC /* ZKInspector.m */,
			);
			path = ZKInspector;
			sourceTree = "<group>";
		};
		FACFC2BE199485E900ED936C = {
			isa = PBXGroup;
			children = (
				FAF726C81996E72E00CC2366 /* Bom.framework */,
				FACFC2D11994861800ED936C /* CoreUI.framework */,
				FACFC2C9199485E900ED936C /* carFileTool */,
				FACFC31D1995A21700ED936C /* ThemeEngine */,
				FACFC2C8199485E900ED936C /* Products */,
			);
			sourceTree = "<group>";
		};
		FACFC2C8199485E900ED936C /* Products */ = {
			isa = PBXGroup;
			children = (
				FACFC2C7199485E900ED936C /* carFileTool */,
				FACFC31C1995A21700ED936C /* ThemeEngine.app */,
			);
			name = Products;
			sourceTree = "<group>";
		};
		FACFC2C9199485E900ED936C /* carFileTool */ = {
			isa = PBXGroup;
			children = (
				FACFC2D31994927100ED936C /* CoreUI */,
				FACFC2CA199485E900ED936C /* main.m */,
				FACFC2DC199492C500ED936C /* CFTAsset.h */,
				FACFC2DD199492C500ED936C /* CFTAsset.m */,
				FACFC2E81994B52900ED936C /* CFTElement.h */,
				FACFC2E91994B52900ED936C /* CFTElement.m */,
				FACFC2EB1994B91000ED936C /* CFTElementStore.h */,
				FACFC2EC1994B91000ED936C /* CFTElementStore.m */,
				FACFC2E21994998C00ED936C /* CFTDefines.h */,
				FACFC2EE19955F6800ED936C /* CFTDefines.m */,
				FA6BEDB71999D5C3006BF951 /* CFTEffectWrapper.h */,
				FA6BEDB81999D5C3006BF951 /* CFTEffectWrapper.m */,
				FA9831A0199BD02000739B89 /* CFTGradient.h */,
				FA9831A1199BD02000739B89 /* CFTGradient.m */,
				FA6BEDBA1999D5CE006BF951 /* CFTEffect.h */,
				FA6BEDBB1999D5CE006BF951 /* CFTEffect.m */,
				FACFC2E3199499C000ED936C /* prefix.pch */,
			);
			path = carFileTool;
			sourceTree = "<group>";
		};
		FACFC2D31994927100ED936C /* CoreUI */ = {
			isa = PBXGroup;
			children = (
				FA9831A8199BE97F00739B89 /* CUIPSDGradientColorStop.h */,
				FA9831A9199BE97F00739B89 /* CUIPSDGradientDoubleColorStop.h */,
				FA9831AA199BE97F00739B89 /* CUIPSDGradientDoubleOpacityStop.h */,
				FA9831AB199BE97F00739B89 /* CUIPSDGradientOpacityStop.h */,
				FA9831AC199BE97F00739B89 /* CUIPSDGradientStop.h */,
				FACFC34F1995A5E700ED936C /* NSAppearance.h */,
				FACFC34E1995A56100ED936C /* CUICatalog.h */,
				FACFC2D41994927100ED936C /* CSIBitmapWrapper.h */,
				FACFC2D51994927100ED936C /* CSIGenerator.h */,
				FACFC2E419949B1B00ED936C /* CUIPSDGradient.h */,
				FACFC2E519949BEC00ED936C /* CUIPSDGradientEvaluator.h */,
				FACFC2D61994927100ED936C /* CUIMutableCommonAssetStorage.h */,
				FACFC2E1199494C100ED936C /* CUICommonAssetStorage.h */,
				FACFC2DF199494AB00ED936C /* CUIMutableStructuredThemeStore.h */,
				FACFC2E0199494AB00ED936C /* CUIStructuredThemeStore.h */,
				FACFC2D71994927100ED936C /* CUIRenditionKey.h */,
				FACFC2D81994927100ED936C /* CUIRenditionMetrics.h */,
				FACFC2D91994927100ED936C /* CUIShapeEffectPreset.h */,
				FAF726C41996131400CC2366 /* CUIShapeEffectStack.h */,
				FAF726C51996131400CC2366 /* CUITextEffectStack.h */,
				FA9831A4199BD3FF00739B89 /* CUIColor.h */,
				FACFC2DA1994927100ED936C /* CUIThemeGradient.h */,
				FACFC2DB1994927100ED936C /* CUIThemeRendition.h */,
			);
			path = CoreUI;
			sourceTree = "<group>";
		};
		FACFC31D1995A21700ED936C /* ThemeEngine */ = {
			isa = PBXGroup;
			children = (
				FA472A9D19985AB4003631BC /* external */,
				FACFC3461995A3B700ED936C /* TEAppDelegate.h */,
				FACFC3471995A3B700ED936C /* TEAppDelegate.m */,
				FACFC3491995A3D300ED936C /* TEDocument.h */,
				FACFC34A1995A3D300ED936C /* TEDocument.m */,
				FACFC34B1995A3D300ED936C /* TEDocument.xib */,
				FACFC3541995BA9400ED936C /* TEElementViewController.h */,
				FACFC3551995BA9400ED936C /* TEElementViewController.m */,
				FAAD570E19994D4600229C3D /* Elements.xib */,
				FA7B5F75199600FF00D0B2AD /* TEAssetDetailViewController.h */,
				FA7B5F76199600FF00D0B2AD /* TEAssetDetailViewController.m */,
				FA7B5F77199600FF00D0B2AD /* Detail.xib */,
				FAEC5263199C4FEA00045AFA /* TEGradientStopViewController.h */,
				FAEC5264199C4FEA00045AFA /* TEGradientStopViewController.m */,
				FA7C1EED199ED87500AE156A /* TELayerEffectsViewController.h */,
				FA7C1EEE199ED87500AE156A /* TELayerEffectsViewController.m */,
				FA7C1EE3199D422000AE156A /* TEPhotoshopController.h */,
				FA7C1EE4199D422000AE156A /* TEPhotoshopController.m */,
				FAEC5293199D401800045AFA /* Views */,
				FAEC5292199D401200045AFA /* Categories */,
				FACFC3281995A21700ED936C /* Images.xcassets */,
				FACFC32A1995A21700ED936C /* MainMenu.xib */,
				FACFC33F1995A22A00ED936C /* Supporting Files */,
			);
			path = ThemeEngine;
			sourceTree = "<group>";
		};
		FACFC33F1995A22A00ED936C /* Supporting Files */ = {
			isa = PBXGroup;
			children = (
				FACFC3201995A21700ED936C /* main.m */,
				FACFC31F1995A21700ED936C /* Info.plist */,
			);
			name = "Supporting Files";
			sourceTree = "<group>";
		};
		FAEC5269199C570000045AFA /* ZKSwizzle */ = {
			isa = PBXGroup;
			children = (
				FAEC526E199C570000045AFA /* ZKSwizzle.h */,
				FAEC526F199C570000045AFA /* ZKSwizzle.m */,
			);
			path = ZKSwizzle;
			sourceTree = "<group>";
		};
		FAEC5292199D401200045AFA /* Categories */ = {
			isa = PBXGroup;
			children = (
				FA7C1EFA19A0093800AE156A /* CFTAsset+IKImageBrowserItem.h */,
				FA7C1EFB19A0093800AE156A /* CFTAsset+IKImageBrowserItem.m */,
				FA7C1EF419A005D700AE156A /* CFTAsset+Coding.h */,
				FA7C1EF519A005D700AE156A /* CFTAsset+Coding.m */,
				FA0A02EF199AD112000F56A2 /* CFTAsset+Pasteboard.h */,
				FA0A02F0199AD112000F56A2 /* CFTAsset+Pasteboard.m */,
				FA0A02F5199AD1CC000F56A2 /* CFTEffectWrapper+Pasteboard.h */,
				FA0A02F6199AD1CC000F56A2 /* CFTEffectWrapper+Pasteboard.m */,
				FA0A02F8199AD8B8000F56A2 /* CFTGradient+Pasteboard.h */,
				FA0A02F9199AD8B8000F56A2 /* CFTGradient+Pasteboard.m */,
				FA98319D199BB9FD00739B89 /* NSColor+Pasteboard.h */,
				FA98319E199BB9FD00739B89 /* NSColor+Pasteboard.m */,
				FAEC5266199C526900045AFA /* CUIPSDGradientStop+KVO.h */,
				FAEC5267199C526900045AFA /* CUIPSDGradientStop+KVO.m */,
				FAEC528C199C828900045AFA /* CUIThemeGradient+Radial.h */,
				FAEC528D199C828900045AFA /* CUIThemeGradient+Radial.m */,
			);
			name = Categories;
			sourceTree = "<group>";
		};
		FAEC5293199D401800045AFA /* Views */ = {
			isa = PBXGroup;
			children = (
				FAF726CD199719D500CC2366 /* TEImageSliceView.h */,
				FAF726CE199719D500CC2366 /* TEImageSliceView.m */,
				FA6BEDB41999B8D1006BF951 /* TEGradientView.h */,
				FA6BEDB51999B8D1006BF951 /* TEGradientView.m */,
				FA9831A5199BE36300739B89 /* CFTGradientEditor.h */,
				FA9831A6199BE36300739B89 /* CFTGradientEditor.m */,
				FA7C1EEA199DD3F900AE156A /* TEAnimationView.h */,
				FA7C1EEB199DD3F900AE156A /* TEAnimationView.m */,
			);
			name = Views;
			sourceTree = "<group>";
		};
/* End PBXGroup section */

/* Begin PBXNativeTarget section */
		FACFC2C6199485E900ED936C /* carFileTool */ = {
			isa = PBXNativeTarget;
			buildConfigurationList = FACFC2CE199485E900ED936C /* Build configuration list for PBXNativeTarget "carFileTool" */;
			buildPhases = (
				FACFC2C3199485E900ED936C /* Sources */,
				FACFC2C4199485E900ED936C /* Frameworks */,
				FACFC2C5199485E900ED936C /* CopyFiles */,
			);
			buildRules = (
			);
			dependencies = (
			);
			name = carFileTool;
			productName = carFileTool;
			productReference = FACFC2C7199485E900ED936C /* carFileTool */;
			productType = "com.apple.product-type.tool";
		};
		FACFC31B1995A21700ED936C /* ThemeEngine */ = {
			isa = PBXNativeTarget;
			buildConfigurationList = FACFC3391995A21700ED936C /* Build configuration list for PBXNativeTarget "ThemeEngine" */;
			buildPhases = (
				FACFC3181995A21700ED936C /* Sources */,
				FACFC3191995A21700ED936C /* Frameworks */,
				FACFC31A1995A21700ED936C /* Resources */,
				FA7C1EE8199DCEED00AE156A /* Build Number */,
				FA7C1EE9199DCEFB00AE156A /* Version Number */,
			);
			buildRules = (
			);
			dependencies = (
			);
			name = ThemeEngine;
			productName = ThemeEngine;
			productReference = FACFC31C1995A21700ED936C /* ThemeEngine.app */;
			productType = "com.apple.product-type.application";
		};
/* End PBXNativeTarget section */

/* Begin PBXProject section */
		FACFC2BF199485E900ED936C /* Project object */ = {
			isa = PBXProject;
			attributes = {
				LastUpgradeCheck = 0600;
				ORGANIZATIONNAME = "Alexander Zielenski";
				TargetAttributes = {
					FACFC2C6199485E900ED936C = {
						CreatedOnToolsVersion = 6.0;
					};
					FACFC31B1995A21700ED936C = {
						CreatedOnToolsVersion = 6.0;
					};
				};
			};
			buildConfigurationList = FACFC2C2199485E900ED936C /* Build configuration list for PBXProject "carFileTool" */;
			compatibilityVersion = "Xcode 3.2";
			developmentRegion = English;
			hasScannedForEncodings = 0;
			knownRegions = (
				en,
				Base,
			);
			mainGroup = FACFC2BE199485E900ED936C;
			productRefGroup = FACFC2C8199485E900ED936C /* Products */;
			projectDirPath = "";
			projectRoot = "";
			targets = (
				FACFC2C6199485E900ED936C /* carFileTool */,
				FACFC31B1995A21700ED936C /* ThemeEngine */,
			);
		};
/* End PBXProject section */

/* Begin PBXResourcesBuildPhase section */
		FACFC31A1995A21700ED936C /* Resources */ = {
			isa = PBXResourcesBuildPhase;
			buildActionMask = 2147483647;
			files = (
				FACFC34D1995A3D300ED936C /* TEDocument.xib in Resources */,
				FACFC3291995A21700ED936C /* Images.xcassets in Resources */,
				FA7B5F79199600FF00D0B2AD /* Detail.xib in Resources */,
				FAAD570F19994D4600229C3D /* Elements.xib in Resources */,
				FACFC32C1995A21700ED936C /* MainMenu.xib in Resources */,
			);
			runOnlyForDeploymentPostprocessing = 0;
		};
/* End PBXResourcesBuildPhase section */

/* Begin PBXShellScriptBuildPhase section */
		FA7C1EE8199DCEED00AE156A /* Build Number */ = {
			isa = PBXShellScriptBuildPhase;
			buildActionMask = 2147483647;
			files = (
			);
			inputPaths = (
			);
			name = "Build Number";
			outputPaths = (
			);
			runOnlyForDeploymentPostprocessing = 0;
			shellPath = /bin/sh;
			shellScript = "buildNumber=$(/usr/libexec/PlistBuddy -c \"Print CFBundleVersion\" \"${PROJECT_DIR}/${INFOPLIST_FILE}\")\nbuildNumber=$(($buildNumber + 1))\n/usr/libexec/PlistBuddy -c \"Set :CFBundleVersion $buildNumber\" \"${PROJECT_DIR}/${INFOPLIST_FILE}\"";
		};
		FA7C1EE9199DCEFB00AE156A /* Version Number */ = {
			isa = PBXShellScriptBuildPhase;
			buildActionMask = 8;
			files = (
			);
			inputPaths = (
			);
			name = "Version Number";
			outputPaths = (
			);
			runOnlyForDeploymentPostprocessing = 1;
			shellPath = /bin/sh;
			shellScript = "VERSIONNUM=$(/usr/libexec/PlistBuddy -c \"Print CFBundleShortVersionString\" \"${PROJECT_DIR}/${INFOPLIST_FILE}\")\nNEWSUBVERSION=`echo $VERSIONNUM | awk -F \".\" '{print $3}'`\nNEWSUBVERSION=$(($NEWSUBVERSION + 1))\nNEWVERSIONSTRING=`echo $VERSIONNUM | awk -F \".\" '{print $1 \".\" $2 \".'$NEWSUBVERSION'\" }'`\n/usr/libexec/PlistBuddy -c \"Set :CFBundleShortVersionString $NEWVERSIONSTRING\" \"${PROJECT_DIR}/${INFOPLIST_FILE}\"";
		};
/* End PBXShellScriptBuildPhase section */

/* Begin PBXSourcesBuildPhase section */
		FACFC2C3199485E900ED936C /* Sources */ = {
			isa = PBXSourcesBuildPhase;
			buildActionMask = 2147483647;
			files = (
				FAEC528F199C874100045AFA /* CUIThemeGradient+Radial.m in Sources */,
				FA7C1EF1199FFE4400AE156A /* CFTEffectWrapper+Pasteboard.m in Sources */,
				FA7C1EF2199FFE4400AE156A /* CFTGradient+Pasteboard.m in Sources */,
				FAEC5282199C7A9400045AFA /* ZKSwizzle.m in Sources */,
				FA7C1EF3199FFE4400AE156A /* NSColor+Pasteboard.m in Sources */,
				FACFC2EF19955F6800ED936C /* CFTDefines.m in Sources */,
				FACFC2CB199485E900ED936C /* main.m in Sources */,
				FA6BEDB91999D5C3006BF951 /* CFTEffectWrapper.m in Sources */,
				FA9831A2199BD02000739B89 /* CFTGradient.m in Sources */,
				FA6BEDBC1999D5CE006BF951 /* CFTEffect.m in Sources */,
				FACFC2EA1994B52900ED936C /* CFTElement.m in Sources */,
				FACFC2DE199492C500ED936C /* CFTAsset.m in Sources */,
				FACFC2ED1994B91000ED936C /* CFTElementStore.m in Sources */,
			);
			runOnlyForDeploymentPostprocessing = 0;
		};
		FACFC3181995A21700ED936C /* Sources */ = {
			isa = PBXSourcesBuildPhase;
			buildActionMask = 2147483647;
			files = (
				FAF726CF199719D500CC2366 /* TEImageSliceView.m in Sources */,
				FACFC3401995A26A00ED936C /* CFTAsset.m in Sources */,
				FA6BEDB61999B8D1006BF951 /* TEGradientView.m in Sources */,
				FAEC5279199C570000045AFA /* ZKSwizzle.m in Sources */,
				FACFC3481995A3B700ED936C /* TEAppDelegate.m in Sources */,
				FACFC3411995A26A00ED936C /* CFTElement.m in Sources */,
				FA7C1EE5199D422000AE156A /* TEPhotoshopController.m in Sources */,
				FA7B5F78199600FF00D0B2AD /* TEAssetDetailViewController.m in Sources */,
				FA7C1EF619A005D700AE156A /* CFTAsset+Coding.m in Sources */,
				FA0A02F1199AD112000F56A2 /* CFTAsset+Pasteboard.m in Sources */,
				FA98319F199BB9FD00739B89 /* NSColor+Pasteboard.m in Sources */,
				FACFC3421995A26A00ED936C /* CFTElementStore.m in Sources */,
				FA9831A3199BD23E00739B89 /* CFTGradient.m in Sources */,
				FA7C1EEC199DD3F900AE156A /* TEAnimationView.m in Sources */,
				FA6BEDBD1999F9F8006BF951 /* CFTEffectWrapper.m in Sources */,
				FA7C1EEF199ED87500AE156A /* TELayerEffectsViewController.m in Sources */,
				FA7C1EFC19A0093800AE156A /* CFTAsset+IKImageBrowserItem.m in Sources */,
				FAEC5265199C4FEA00045AFA /* TEGradientStopViewController.m in Sources */,
				FA0A02F7199AD1CC000F56A2 /* CFTEffectWrapper+Pasteboard.m in Sources */,
				FAEC528E199C828900045AFA /* CUIThemeGradient+Radial.m in Sources */,
				FA9831A7199BE36300739B89 /* CFTGradientEditor.m in Sources */,
				FAEC5268199C526900045AFA /* CUIPSDGradientStop+KVO.m in Sources */,
				FA472ABC19985AB4003631BC /* ZKInspector.m in Sources */,
				FACFC3571995BA9400ED936C /* TEElementViewController.m in Sources */,
				FACFC34C1995A3D300ED936C /* TEDocument.m in Sources */,
				FA0A02FA199AD8B8000F56A2 /* CFTGradient+Pasteboard.m in Sources */,
				FA6BEDBE1999F9FA006BF951 /* CFTEffect.m in Sources */,
				FACFC3441995A26A00ED936C /* CFTDefines.m in Sources */,
				FACFC3211995A21700ED936C /* main.m in Sources */,
			);
			runOnlyForDeploymentPostprocessing = 0;
		};
/* End PBXSourcesBuildPhase section */

/* Begin PBXVariantGroup section */
		FACFC32A1995A21700ED936C /* MainMenu.xib */ = {
			isa = PBXVariantGroup;
			children = (
				FACFC32B1995A21700ED936C /* Base */,
			);
			name = MainMenu.xib;
			sourceTree = "<group>";
		};
/* End PBXVariantGroup section */

/* Begin XCBuildConfiguration section */
		FACFC2CC199485E900ED936C /* Debug */ = {
			isa = XCBuildConfiguration;
			buildSettings = {
				ALWAYS_SEARCH_USER_PATHS = YES;
				CLANG_CXX_LANGUAGE_STANDARD = "gnu++0x";
				CLANG_CXX_LIBRARY = "libc++";
				CLANG_ENABLE_MODULES = YES;
				CLANG_ENABLE_OBJC_ARC = YES;
				CLANG_WARN_BOOL_CONVERSION = YES;
				CLANG_WARN_CONSTANT_CONVERSION = YES;
				CLANG_WARN_DIRECT_OBJC_ISA_USAGE = YES_ERROR;
				CLANG_WARN_EMPTY_BODY = YES;
				CLANG_WARN_ENUM_CONVERSION = YES;
				CLANG_WARN_INT_CONVERSION = YES;
				CLANG_WARN_OBJC_ROOT_CLASS = YES_ERROR;
				CLANG_WARN_UNREACHABLE_CODE = YES;
				CLANG_WARN__DUPLICATE_METHOD_MATCH = YES;
				COPY_PHASE_STRIP = NO;
				ENABLE_STRICT_OBJC_MSGSEND = YES;
				GCC_C_LANGUAGE_STANDARD = gnu99;
				GCC_DYNAMIC_NO_PIC = NO;
				GCC_OPTIMIZATION_LEVEL = 0;
				GCC_PREFIX_HEADER = "${SRCROOT}/carFileTool/prefix.pch";
				GCC_PREPROCESSOR_DEFINITIONS = (
					"DEBUG=1",
					"$(inherited)",
				);
				GCC_SYMBOLS_PRIVATE_EXTERN = NO;
				GCC_WARN_64_TO_32_BIT_CONVERSION = YES;
				GCC_WARN_ABOUT_RETURN_TYPE = YES_ERROR;
				GCC_WARN_UNDECLARED_SELECTOR = YES;
				GCC_WARN_UNINITIALIZED_AUTOS = YES_AGGRESSIVE;
				GCC_WARN_UNUSED_FUNCTION = YES;
				GCC_WARN_UNUSED_VARIABLE = YES;
				MACOSX_DEPLOYMENT_TARGET = 10.10;
				MTL_ENABLE_DEBUG_INFO = YES;
				ONLY_ACTIVE_ARCH = YES;
				SDKROOT = macosx;
				SUPPORTED_PLATFORMS = macosx;
			};
			name = Debug;
		};
		FACFC2CD199485E900ED936C /* Release */ = {
			isa = XCBuildConfiguration;
			buildSettings = {
				ALWAYS_SEARCH_USER_PATHS = YES;
				CLANG_CXX_LANGUAGE_STANDARD = "gnu++0x";
				CLANG_CXX_LIBRARY = "libc++";
				CLANG_ENABLE_MODULES = YES;
				CLANG_ENABLE_OBJC_ARC = YES;
				CLANG_WARN_BOOL_CONVERSION = YES;
				CLANG_WARN_CONSTANT_CONVERSION = YES;
				CLANG_WARN_DIRECT_OBJC_ISA_USAGE = YES_ERROR;
				CLANG_WARN_EMPTY_BODY = YES;
				CLANG_WARN_ENUM_CONVERSION = YES;
				CLANG_WARN_INT_CONVERSION = YES;
				CLANG_WARN_OBJC_ROOT_CLASS = YES_ERROR;
				CLANG_WARN_UNREACHABLE_CODE = YES;
				CLANG_WARN__DUPLICATE_METHOD_MATCH = YES;
				COPY_PHASE_STRIP = YES;
				DEBUG_INFORMATION_FORMAT = "dwarf-with-dsym";
				ENABLE_NS_ASSERTIONS = NO;
				ENABLE_STRICT_OBJC_MSGSEND = YES;
				GCC_C_LANGUAGE_STANDARD = gnu99;
				GCC_PREFIX_HEADER = "${SRCROOT}/carFileTool/prefix.pch";
				GCC_WARN_64_TO_32_BIT_CONVERSION = YES;
				GCC_WARN_ABOUT_RETURN_TYPE = YES_ERROR;
				GCC_WARN_UNDECLARED_SELECTOR = YES;
				GCC_WARN_UNINITIALIZED_AUTOS = YES_AGGRESSIVE;
				GCC_WARN_UNUSED_FUNCTION = YES;
				GCC_WARN_UNUSED_VARIABLE = YES;
				MACOSX_DEPLOYMENT_TARGET = 10.10;
				MTL_ENABLE_DEBUG_INFO = NO;
				SDKROOT = macosx;
				SUPPORTED_PLATFORMS = macosx;
			};
			name = Release;
		};
		FACFC2CF199485E900ED936C /* Debug */ = {
			isa = XCBuildConfiguration;
			buildSettings = {
				FRAMEWORK_SEARCH_PATHS = (
					"$(inherited)",
					"$(SYSTEM_LIBRARY_DIR)/PrivateFrameworks",
					"$(LOCAL_LIBRARY_DIR)/Frameworks",
				);
				PRODUCT_NAME = "$(TARGET_NAME)";
			};
			name = Debug;
		};
		FACFC2D0199485E900ED936C /* Release */ = {
			isa = XCBuildConfiguration;
			buildSettings = {
				FRAMEWORK_SEARCH_PATHS = (
					"$(inherited)",
					"$(SYSTEM_LIBRARY_DIR)/PrivateFrameworks",
					"$(LOCAL_LIBRARY_DIR)/Frameworks",
				);
				PRODUCT_NAME = "$(TARGET_NAME)";
			};
			name = Release;
		};
		FACFC33A1995A21700ED936C /* Debug */ = {
			isa = XCBuildConfiguration;
			buildSettings = {
				ASSETCATALOG_COMPILER_APPICON_NAME = AppIcon;
				CODE_SIGN_IDENTITY = "Developer ID Application";
				COMBINE_HIDPI_IMAGES = YES;
				FRAMEWORK_SEARCH_PATHS = (
					"$(inherited)",
					"$(SYSTEM_LIBRARY_DIR)/PrivateFrameworks",
				);
				GCC_PREPROCESSOR_DEFINITIONS = (
					"DEBUG=1",
					"$(inherited)",
				);
				INFOPLIST_FILE = ThemeEngine/Info.plist;
				LD_RUNPATH_SEARCH_PATHS = "$(inherited) @executable_path/../Frameworks";
				PRODUCT_NAME = "$(TARGET_NAME)";
			};
			name = Debug;
		};
		FACFC33B1995A21700ED936C /* Release */ = {
			isa = XCBuildConfiguration;
			buildSettings = {
				ASSETCATALOG_COMPILER_APPICON_NAME = AppIcon;
				CODE_SIGN_IDENTITY = "Developer ID Application";
				COMBINE_HIDPI_IMAGES = YES;
				FRAMEWORK_SEARCH_PATHS = (
					"$(inherited)",
					"$(SYSTEM_LIBRARY_DIR)/PrivateFrameworks",
				);
				INFOPLIST_FILE = ThemeEngine/Info.plist;
				LD_RUNPATH_SEARCH_PATHS = "$(inherited) @executable_path/../Frameworks";
				PRODUCT_NAME = "$(TARGET_NAME)";
			};
			name = Release;
		};
/* End XCBuildConfiguration section */

/* Begin XCConfigurationList section */
		FACFC2C2199485E900ED936C /* Build configuration list for PBXProject "carFileTool" */ = {
			isa = XCConfigurationList;
			buildConfigurations = (
				FACFC2CC199485E900ED936C /* Debug */,
				FACFC2CD199485E900ED936C /* Release */,
			);
			defaultConfigurationIsVisible = 0;
			defaultConfigurationName = Release;
		};
		FACFC2CE199485E900ED936C /* Build configuration list for PBXNativeTarget "carFileTool" */ = {
			isa = XCConfigurationList;
			buildConfigurations = (
				FACFC2CF199485E900ED936C /* Debug */,
				FACFC2D0199485E900ED936C /* Release */,
			);
			defaultConfigurationIsVisible = 0;
			defaultConfigurationName = Release;
		};
		FACFC3391995A21700ED936C /* Build configuration list for PBXNativeTarget "ThemeEngine" */ = {
			isa = XCConfigurationList;
			buildConfigurations = (
				FACFC33A1995A21700ED936C /* Debug */,
				FACFC33B1995A21700ED936C /* Release */,
			);
			defaultConfigurationIsVisible = 0;
			defaultConfigurationName = Release;
		};
/* End XCConfigurationList section */
	};
	rootObject = FACFC2BF199485E900ED936C /* Project object */;
}
