// !$*UTF8*$!
{
	archiveVersion = 1;
	classes = {
	};
	objectVersion = 46;
	objects = {

/* Begin PBXBuildFile section */
		FA7B5F78199600FF00D0B2AD /* CHAssetDetailViewController.m in Sources */ = {isa = PBXBuildFile; fileRef = FA7B5F76199600FF00D0B2AD /* CHAssetDetailViewController.m */; };
		FA7B5F79199600FF00D0B2AD /* CHAssetDetailViewController.xib in Resources */ = {isa = PBXBuildFile; fileRef = FA7B5F77199600FF00D0B2AD /* CHAssetDetailViewController.xib */; };
		FACFC2CB199485E900ED936C /* main.m in Sources */ = {isa = PBXBuildFile; fileRef = FACFC2CA199485E900ED936C /* main.m */; };
		FACFC2D21994861800ED936C /* CoreUI.framework in Frameworks */ = {isa = PBXBuildFile; fileRef = FACFC2D11994861800ED936C /* CoreUI.framework */; };
		FACFC2DE199492C500ED936C /* CFTAsset.m in Sources */ = {isa = PBXBuildFile; fileRef = FACFC2DD199492C500ED936C /* CFTAsset.m */; };
		FACFC2EA1994B52900ED936C /* CFTElement.m in Sources */ = {isa = PBXBuildFile; fileRef = FACFC2E91994B52900ED936C /* CFTElement.m */; };
		FACFC2ED1994B91000ED936C /* CFTElementStore.m in Sources */ = {isa = PBXBuildFile; fileRef = FACFC2EC1994B91000ED936C /* CFTElementStore.m */; };
		FACFC2EF19955F6800ED936C /* CFTDefines.m in Sources */ = {isa = PBXBuildFile; fileRef = FACFC2EE19955F6800ED936C /* CFTDefines.m */; };
		FACFC2F219958E7000ED936C /* CFTGradient.m in Sources */ = {isa = PBXBuildFile; fileRef = FACFC2F119958E7000ED936C /* CFTGradient.m */; };
		FACFC3211995A21700ED936C /* main.m in Sources */ = {isa = PBXBuildFile; fileRef = FACFC3201995A21700ED936C /* main.m */; };
		FACFC3291995A21700ED936C /* Images.xcassets in Resources */ = {isa = PBXBuildFile; fileRef = FACFC3281995A21700ED936C /* Images.xcassets */; };
		FACFC32C1995A21700ED936C /* MainMenu.xib in Resources */ = {isa = PBXBuildFile; fileRef = FACFC32A1995A21700ED936C /* MainMenu.xib */; };
		FACFC3401995A26A00ED936C /* CFTAsset.m in Sources */ = {isa = PBXBuildFile; fileRef = FACFC2DD199492C500ED936C /* CFTAsset.m */; };
		FACFC3411995A26A00ED936C /* CFTElement.m in Sources */ = {isa = PBXBuildFile; fileRef = FACFC2E91994B52900ED936C /* CFTElement.m */; };
		FACFC3421995A26A00ED936C /* CFTElementStore.m in Sources */ = {isa = PBXBuildFile; fileRef = FACFC2EC1994B91000ED936C /* CFTElementStore.m */; };
		FACFC3431995A26A00ED936C /* CFTGradient.m in Sources */ = {isa = PBXBuildFile; fileRef = FACFC2F119958E7000ED936C /* CFTGradient.m */; };
		FACFC3441995A26A00ED936C /* CFTDefines.m in Sources */ = {isa = PBXBuildFile; fileRef = FACFC2EE19955F6800ED936C /* CFTDefines.m */; };
		FACFC3451995A36900ED936C /* CoreUI.framework in Frameworks */ = {isa = PBXBuildFile; fileRef = FACFC2D11994861800ED936C /* CoreUI.framework */; };
		FACFC3481995A3B700ED936C /* CHAppDelegate.m in Sources */ = {isa = PBXBuildFile; fileRef = FACFC3471995A3B700ED936C /* CHAppDelegate.m */; };
		FACFC34C1995A3D300ED936C /* CHDocument.m in Sources */ = {isa = PBXBuildFile; fileRef = FACFC34A1995A3D300ED936C /* CHDocument.m */; };
		FACFC34D1995A3D300ED936C /* CHDocument.xib in Resources */ = {isa = PBXBuildFile; fileRef = FACFC34B1995A3D300ED936C /* CHDocument.xib */; };
		FACFC3571995BA9400ED936C /* CHElementViewController.m in Sources */ = {isa = PBXBuildFile; fileRef = FACFC3551995BA9400ED936C /* CHElementViewController.m */; };
		FAF726C91996E72E00CC2366 /* Bom.framework in Frameworks */ = {isa = PBXBuildFile; fileRef = FAF726C81996E72E00CC2366 /* Bom.framework */; };
		FAF726CC1997056100CC2366 /* Bom.framework in Frameworks */ = {isa = PBXBuildFile; fileRef = FAF726C81996E72E00CC2366 /* Bom.framework */; };
		FAF726CF199719D500CC2366 /* CHImageSliceView.m in Sources */ = {isa = PBXBuildFile; fileRef = FAF726CE199719D500CC2366 /* CHImageSliceView.m */; };
/* End PBXBuildFile section */

/* Begin PBXCopyFilesBuildPhase section */
		FACFC2C5199485E900ED936C /* CopyFiles */ = {
			isa = PBXCopyFilesBuildPhase;
			buildActionMask = 2147483647;
			dstPath = /usr/share/man/man1/;
			dstSubfolderSpec = 0;
			files = (
			);
			runOnlyForDeploymentPostprocessing = 1;
		};
/* End PBXCopyFilesBuildPhase section */

/* Begin PBXFileReference section */
		FA7B5F75199600FF00D0B2AD /* CHAssetDetailViewController.h */ = {isa = PBXFileReference; fileEncoding = 4; lastKnownFileType = sourcecode.c.h; name = CHAssetDetailViewController.h; path = src/controllers/CHAssetDetailViewController.h; sourceTree = "<group>"; };
		FA7B5F76199600FF00D0B2AD /* CHAssetDetailViewController.m */ = {isa = PBXFileReference; fileEncoding = 4; lastKnownFileType = sourcecode.c.objc; name = CHAssetDetailViewController.m; path = src/controllers/CHAssetDetailViewController.m; sourceTree = "<group>"; };
		FA7B5F77199600FF00D0B2AD /* CHAssetDetailViewController.xib */ = {isa = PBXFileReference; fileEncoding = 4; lastKnownFileType = file.xib; name = CHAssetDetailViewController.xib; path = src/controllers/CHAssetDetailViewController.xib; sourceTree = "<group>"; };
		FACFC2C7199485E900ED936C /* carFileTool */ = {isa = PBXFileReference; explicitFileType = "compiled.mach-o.executable"; includeInIndex = 0; path = carFileTool; sourceTree = BUILT_PRODUCTS_DIR; };
		FACFC2CA199485E900ED936C /* main.m */ = {isa = PBXFileReference; lastKnownFileType = sourcecode.c.objc; path = main.m; sourceTree = "<group>"; };
		FACFC2D11994861800ED936C /* CoreUI.framework */ = {isa = PBXFileReference; lastKnownFileType = wrapper.framework; name = CoreUI.framework; path = ../../../../../../../../System/Library/PrivateFrameworks/CoreUI.framework; sourceTree = "<group>"; };
		FACFC2D41994927100ED936C /* CSIBitmapWrapper.h */ = {isa = PBXFileReference; lastKnownFileType = sourcecode.c.h; path = CSIBitmapWrapper.h; sourceTree = "<group>"; };
		FACFC2D51994927100ED936C /* CSIGenerator.h */ = {isa = PBXFileReference; lastKnownFileType = sourcecode.c.h; path = CSIGenerator.h; sourceTree = "<group>"; };
		FACFC2D61994927100ED936C /* CUIMutableCommonAssetStorage.h */ = {isa = PBXFileReference; lastKnownFileType = sourcecode.c.h; path = CUIMutableCommonAssetStorage.h; sourceTree = "<group>"; };
		FACFC2D71994927100ED936C /* CUIRenditionKey.h */ = {isa = PBXFileReference; lastKnownFileType = sourcecode.c.h; path = CUIRenditionKey.h; sourceTree = "<group>"; };
		FACFC2D81994927100ED936C /* CUIRenditionMetrics.h */ = {isa = PBXFileReference; lastKnownFileType = sourcecode.c.h; path = CUIRenditionMetrics.h; sourceTree = "<group>"; };
		FACFC2D91994927100ED936C /* CUIShapeEffectPreset.h */ = {isa = PBXFileReference; lastKnownFileType = sourcecode.c.h; path = CUIShapeEffectPreset.h; sourceTree = "<group>"; };
		FACFC2DA1994927100ED936C /* CUIThemeGradient.h */ = {isa = PBXFileReference; lastKnownFileType = sourcecode.c.h; path = CUIThemeGradient.h; sourceTree = "<group>"; };
		FACFC2DB1994927100ED936C /* CUIThemeRendition.h */ = {isa = PBXFileReference; lastKnownFileType = sourcecode.c.h; path = CUIThemeRendition.h; sourceTree = "<group>"; };
		FACFC2DC199492C500ED936C /* CFTAsset.h */ = {isa = PBXFileReference; fileEncoding = 4; lastKnownFileType = sourcecode.c.h; name = CFTAsset.h; path = src/CFTAsset.h; sourceTree = "<group>"; };
		FACFC2DD199492C500ED936C /* CFTAsset.m */ = {isa = PBXFileReference; fileEncoding = 4; lastKnownFileType = sourcecode.c.objc; name = CFTAsset.m; path = src/CFTAsset.m; sourceTree = "<group>"; };
		FACFC2DF199494AB00ED936C /* CUIMutableStructuredThemeStore.h */ = {isa = PBXFileReference; lastKnownFileType = sourcecode.c.h; path = CUIMutableStructuredThemeStore.h; sourceTree = "<group>"; };
		FACFC2E0199494AB00ED936C /* CUIStructuredThemeStore.h */ = {isa = PBXFileReference; lastKnownFileType = sourcecode.c.h; path = CUIStructuredThemeStore.h; sourceTree = "<group>"; };
		FACFC2E1199494C100ED936C /* CUICommonAssetStorage.h */ = {isa = PBXFileReference; lastKnownFileType = sourcecode.c.h; path = CUICommonAssetStorage.h; sourceTree = "<group>"; };
		FACFC2E21994998C00ED936C /* CFTDefines.h */ = {isa = PBXFileReference; lastKnownFileType = sourcecode.c.h; path = CFTDefines.h; sourceTree = "<group>"; };
		FACFC2E3199499C000ED936C /* prefix.pch */ = {isa = PBXFileReference; lastKnownFileType = sourcecode.c.h; path = prefix.pch; sourceTree = "<group>"; };
		FACFC2E419949B1B00ED936C /* CUIPSDGradient.h */ = {isa = PBXFileReference; lastKnownFileType = sourcecode.c.h; path = CUIPSDGradient.h; sourceTree = "<group>"; };
		FACFC2E519949BEC00ED936C /* CUIPSDGradientEvaluator.h */ = {isa = PBXFileReference; lastKnownFileType = sourcecode.c.h; path = CUIPSDGradientEvaluator.h; sourceTree = "<group>"; };
		FACFC2E81994B52900ED936C /* CFTElement.h */ = {isa = PBXFileReference; fileEncoding = 4; lastKnownFileType = sourcecode.c.h; name = CFTElement.h; path = src/CFTElement.h; sourceTree = "<group>"; };
		FACFC2E91994B52900ED936C /* CFTElement.m */ = {isa = PBXFileReference; fileEncoding = 4; lastKnownFileType = sourcecode.c.objc; name = CFTElement.m; path = src/CFTElement.m; sourceTree = "<group>"; };
		FACFC2EB1994B91000ED936C /* CFTElementStore.h */ = {isa = PBXFileReference; fileEncoding = 4; lastKnownFileType = sourcecode.c.h; name = CFTElementStore.h; path = src/CFTElementStore.h; sourceTree = "<group>"; };
		FACFC2EC1994B91000ED936C /* CFTElementStore.m */ = {isa = PBXFileReference; fileEncoding = 4; lastKnownFileType = sourcecode.c.objc; name = CFTElementStore.m; path = src/CFTElementStore.m; sourceTree = "<group>"; };
		FACFC2EE19955F6800ED936C /* CFTDefines.m */ = {isa = PBXFileReference; fileEncoding = 4; lastKnownFileType = sourcecode.c.objc; path = CFTDefines.m; sourceTree = "<group>"; };
		FACFC2F019958E7000ED936C /* CFTGradient.h */ = {isa = PBXFileReference; fileEncoding = 4; lastKnownFileType = sourcecode.c.h; name = CFTGradient.h; path = src/CFTGradient.h; sourceTree = "<group>"; };
		FACFC2F119958E7000ED936C /* CFTGradient.m */ = {isa = PBXFileReference; fileEncoding = 4; lastKnownFileType = sourcecode.c.objc; name = CFTGradient.m; path = src/CFTGradient.m; sourceTree = "<group>"; };
		FACFC2F31995977F00ED936C /* CUIPSDGradientColorStop.h */ = {isa = PBXFileReference; lastKnownFileType = sourcecode.c.h; path = CUIPSDGradientColorStop.h; sourceTree = "<group>"; };
		FACFC31C1995A21700ED936C /* Charade.app */ = {isa = PBXFileReference; explicitFileType = wrapper.application; includeInIndex = 0; path = Charade.app; sourceTree = BUILT_PRODUCTS_DIR; };
		FACFC31F1995A21700ED936C /* Info.plist */ = {isa = PBXFileReference; lastKnownFileType = text.plist.xml; path = Info.plist; sourceTree = "<group>"; };
		FACFC3201995A21700ED936C /* main.m */ = {isa = PBXFileReference; lastKnownFileType = sourcecode.c.objc; path = main.m; sourceTree = "<group>"; };
		FACFC3281995A21700ED936C /* Images.xcassets */ = {isa = PBXFileReference; lastKnownFileType = folder.assetcatalog; path = Images.xcassets; sourceTree = "<group>"; };
		FACFC32B1995A21700ED936C /* Base */ = {isa = PBXFileReference; lastKnownFileType = file.xib; name = Base; path = Base.lproj/MainMenu.xib; sourceTree = "<group>"; };
		FACFC3461995A3B700ED936C /* CHAppDelegate.h */ = {isa = PBXFileReference; fileEncoding = 4; lastKnownFileType = sourcecode.c.h; name = CHAppDelegate.h; path = src/controllers/CHAppDelegate.h; sourceTree = "<group>"; };
		FACFC3471995A3B700ED936C /* CHAppDelegate.m */ = {isa = PBXFileReference; fileEncoding = 4; lastKnownFileType = sourcecode.c.objc; name = CHAppDelegate.m; path = src/controllers/CHAppDelegate.m; sourceTree = "<group>"; };
		FACFC3491995A3D300ED936C /* CHDocument.h */ = {isa = PBXFileReference; fileEncoding = 4; lastKnownFileType = sourcecode.c.h; name = CHDocument.h; path = src/models/CHDocument.h; sourceTree = "<group>"; };
		FACFC34A1995A3D300ED936C /* CHDocument.m */ = {isa = PBXFileReference; fileEncoding = 4; lastKnownFileType = sourcecode.c.objc; name = CHDocument.m; path = src/models/CHDocument.m; sourceTree = "<group>"; };
		FACFC34B1995A3D300ED936C /* CHDocument.xib */ = {isa = PBXFileReference; fileEncoding = 4; lastKnownFileType = file.xib; name = CHDocument.xib; path = src/models/CHDocument.xib; sourceTree = "<group>"; };
		FACFC34E1995A56100ED936C /* CUICatalog.h */ = {isa = PBXFileReference; lastKnownFileType = sourcecode.c.h; path = CUICatalog.h; sourceTree = "<group>"; };
		FACFC34F1995A5E700ED936C /* NSAppearance.h */ = {isa = PBXFileReference; lastKnownFileType = sourcecode.c.h; path = NSAppearance.h; sourceTree = "<group>"; };
		FACFC3541995BA9400ED936C /* CHElementViewController.h */ = {isa = PBXFileReference; fileEncoding = 4; lastKnownFileType = sourcecode.c.h; name = CHElementViewController.h; path = src/controllers/CHElementViewController.h; sourceTree = "<group>"; };
		FACFC3551995BA9400ED936C /* CHElementViewController.m */ = {isa = PBXFileReference; fileEncoding = 4; lastKnownFileType = sourcecode.c.objc; name = CHElementViewController.m; path = src/controllers/CHElementViewController.m; sourceTree = "<group>"; };
		FAF726C41996131400CC2366 /* CUIShapeEffectStack.h */ = {isa = PBXFileReference; lastKnownFileType = sourcecode.c.h; path = CUIShapeEffectStack.h; sourceTree = "<group>"; };
		FAF726C51996131400CC2366 /* CUITextEffectStack.h */ = {isa = PBXFileReference; lastKnownFileType = sourcecode.c.h; path = CUITextEffectStack.h; sourceTree = "<group>"; };
		FAF726C81996E72E00CC2366 /* Bom.framework */ = {isa = PBXFileReference; lastKnownFileType = wrapper.framework; name = Bom.framework; path = ../../../../../../../../System/Library/PrivateFrameworks/Bom.framework; sourceTree = "<group>"; };
		FAF726CD199719D500CC2366 /* CHImageSliceView.h */ = {isa = PBXFileReference; fileEncoding = 4; lastKnownFileType = sourcecode.c.h; name = CHImageSliceView.h; path = src/views/CHImageSliceView.h; sourceTree = "<group>"; };
		FAF726CE199719D500CC2366 /* CHImageSliceView.m */ = {isa = PBXFileReference; fileEncoding = 4; lastKnownFileType = sourcecode.c.objc; name = CHImageSliceView.m; path = src/views/CHImageSliceView.m; sourceTree = "<group>"; };
/* End PBXFileReference section */

/* Begin PBXFrameworksBuildPhase section */
		FACFC2C4199485E900ED936C /* Frameworks */ = {
			isa = PBXFrameworksBuildPhase;
			buildActionMask = 2147483647;
			files = (
				FAF726C91996E72E00CC2366 /* Bom.framework in Frameworks */,
				FACFC2D21994861800ED936C /* CoreUI.framework in Frameworks */,
			);
			runOnlyForDeploymentPostprocessing = 0;
		};
		FACFC3191995A21700ED936C /* Frameworks */ = {
			isa = PBXFrameworksBuildPhase;
			buildActionMask = 2147483647;
			files = (
				FACFC3451995A36900ED936C /* CoreUI.framework in Frameworks */,
				FAF726CC1997056100CC2366 /* Bom.framework in Frameworks */,
			);
			runOnlyForDeploymentPostprocessing = 0;
		};
/* End PBXFrameworksBuildPhase section */

/* Begin PBXGroup section */
		FACFC2BE199485E900ED936C = {
			isa = PBXGroup;
			children = (
				FAF726C81996E72E00CC2366 /* Bom.framework */,
				FACFC2D11994861800ED936C /* CoreUI.framework */,
				FACFC2C9199485E900ED936C /* carFileTool */,
				FACFC31D1995A21700ED936C /* Charade */,
				FACFC2C8199485E900ED936C /* Products */,
			);
			sourceTree = "<group>";
		};
		FACFC2C8199485E900ED936C /* Products */ = {
			isa = PBXGroup;
			children = (
				FACFC2C7199485E900ED936C /* carFileTool */,
				FACFC31C1995A21700ED936C /* Charade.app */,
			);
			name = Products;
			sourceTree = "<group>";
		};
		FACFC2C9199485E900ED936C /* carFileTool */ = {
			isa = PBXGroup;
			children = (
				FACFC2D31994927100ED936C /* CoreUI */,
				FACFC2CA199485E900ED936C /* main.m */,
				FACFC2DC199492C500ED936C /* CFTAsset.h */,
				FACFC2DD199492C500ED936C /* CFTAsset.m */,
				FACFC2E81994B52900ED936C /* CFTElement.h */,
				FACFC2E91994B52900ED936C /* CFTElement.m */,
				FACFC2EB1994B91000ED936C /* CFTElementStore.h */,
				FACFC2EC1994B91000ED936C /* CFTElementStore.m */,
				FACFC2F019958E7000ED936C /* CFTGradient.h */,
				FACFC2F119958E7000ED936C /* CFTGradient.m */,
				FACFC2E21994998C00ED936C /* CFTDefines.h */,
				FACFC2EE19955F6800ED936C /* CFTDefines.m */,
				FACFC2E3199499C000ED936C /* prefix.pch */,
			);
			path = carFileTool;
			sourceTree = "<group>";
		};
		FACFC2D31994927100ED936C /* CoreUI */ = {
			isa = PBXGroup;
			children = (
				FACFC34F1995A5E700ED936C /* NSAppearance.h */,
				FACFC34E1995A56100ED936C /* CUICatalog.h */,
				FACFC2D41994927100ED936C /* CSIBitmapWrapper.h */,
				FACFC2D51994927100ED936C /* CSIGenerator.h */,
				FACFC2E419949B1B00ED936C /* CUIPSDGradient.h */,
				FACFC2E519949BEC00ED936C /* CUIPSDGradientEvaluator.h */,
				FACFC2F31995977F00ED936C /* CUIPSDGradientColorStop.h */,
				FACFC2D61994927100ED936C /* CUIMutableCommonAssetStorage.h */,
				FACFC2E1199494C100ED936C /* CUICommonAssetStorage.h */,
				FACFC2DF199494AB00ED936C /* CUIMutableStructuredThemeStore.h */,
				FACFC2E0199494AB00ED936C /* CUIStructuredThemeStore.h */,
				FACFC2D71994927100ED936C /* CUIRenditionKey.h */,
				FACFC2D81994927100ED936C /* CUIRenditionMetrics.h */,
				FACFC2D91994927100ED936C /* CUIShapeEffectPreset.h */,
				FAF726C41996131400CC2366 /* CUIShapeEffectStack.h */,
				FAF726C51996131400CC2366 /* CUITextEffectStack.h */,
				FACFC2DA1994927100ED936C /* CUIThemeGradient.h */,
				FACFC2DB1994927100ED936C /* CUIThemeRendition.h */,
			);
			path = CoreUI;
			sourceTree = "<group>";
		};
		FACFC31D1995A21700ED936C /* Charade */ = {
			isa = PBXGroup;
			children = (
				FACFC3461995A3B700ED936C /* CHAppDelegate.h */,
				FACFC3471995A3B700ED936C /* CHAppDelegate.m */,
				FACFC3491995A3D300ED936C /* CHDocument.h */,
				FACFC34A1995A3D300ED936C /* CHDocument.m */,
				FACFC34B1995A3D300ED936C /* CHDocument.xib */,
				FACFC3541995BA9400ED936C /* CHElementViewController.h */,
				FACFC3551995BA9400ED936C /* CHElementViewController.m */,
				FA7B5F75199600FF00D0B2AD /* CHAssetDetailViewController.h */,
				FA7B5F76199600FF00D0B2AD /* CHAssetDetailViewController.m */,
				FA7B5F77199600FF00D0B2AD /* CHAssetDetailViewController.xib */,
				FAF726CD199719D500CC2366 /* CHImageSliceView.h */,
				FAF726CE199719D500CC2366 /* CHImageSliceView.m */,
				FACFC3281995A21700ED936C /* Images.xcassets */,
				FACFC32A1995A21700ED936C /* MainMenu.xib */,
				FACFC33F1995A22A00ED936C /* Supporting Files */,
			);
			path = Charade;
			sourceTree = "<group>";
		};
		FACFC33F1995A22A00ED936C /* Supporting Files */ = {
			isa = PBXGroup;
			children = (
				FACFC3201995A21700ED936C /* main.m */,
				FACFC31F1995A21700ED936C /* Info.plist */,
			);
			name = "Supporting Files";
			sourceTree = "<group>";
		};
/* End PBXGroup section */

/* Begin PBXNativeTarget section */
		FACFC2C6199485E900ED936C /* carFileTool */ = {
			isa = PBXNativeTarget;
			buildConfigurationList = FACFC2CE199485E900ED936C /* Build configuration list for PBXNativeTarget "carFileTool" */;
			buildPhases = (
				FACFC2C3199485E900ED936C /* Sources */,
				FACFC2C4199485E900ED936C /* Frameworks */,
				FACFC2C5199485E900ED936C /* CopyFiles */,
			);
			buildRules = (
			);
			dependencies = (
			);
			name = carFileTool;
			productName = carFileTool;
			productReference = FACFC2C7199485E900ED936C /* carFileTool */;
			productType = "com.apple.product-type.tool";
		};
		FACFC31B1995A21700ED936C /* Charade */ = {
			isa = PBXNativeTarget;
			buildConfigurationList = FACFC3391995A21700ED936C /* Build configuration list for PBXNativeTarget "Charade" */;
			buildPhases = (
				FACFC3181995A21700ED936C /* Sources */,
				FACFC3191995A21700ED936C /* Frameworks */,
				FACFC31A1995A21700ED936C /* Resources */,
			);
			buildRules = (
			);
			dependencies = (
			);
			name = Charade;
			productName = Charade;
			productReference = FACFC31C1995A21700ED936C /* Charade.app */;
			productType = "com.apple.product-type.application";
		};
/* End PBXNativeTarget section */

/* Begin PBXProject section */
		FACFC2BF199485E900ED936C /* Project object */ = {
			isa = PBXProject;
			attributes = {
				LastUpgradeCheck = 0600;
				ORGANIZATIONNAME = "Alexander Zielenski";
				TargetAttributes = {
					FACFC2C6199485E900ED936C = {
						CreatedOnToolsVersion = 6.0;
					};
					FACFC31B1995A21700ED936C = {
						CreatedOnToolsVersion = 6.0;
					};
				};
			};
			buildConfigurationList = FACFC2C2199485E900ED936C /* Build configuration list for PBXProject "carFileTool" */;
			compatibilityVersion = "Xcode 3.2";
			developmentRegion = English;
			hasScannedForEncodings = 0;
			knownRegions = (
				en,
				Base,
			);
			mainGroup = FACFC2BE199485E900ED936C;
			productRefGroup = FACFC2C8199485E900ED936C /* Products */;
			projectDirPath = "";
			projectRoot = "";
			targets = (
				FACFC2C6199485E900ED936C /* carFileTool */,
				FACFC31B1995A21700ED936C /* Charade */,
			);
		};
/* End PBXProject section */

/* Begin PBXResourcesBuildPhase section */
		FACFC31A1995A21700ED936C /* Resources */ = {
			isa = PBXResourcesBuildPhase;
			buildActionMask = 2147483647;
			files = (
				FACFC34D1995A3D300ED936C /* CHDocument.xib in Resources */,
				FACFC3291995A21700ED936C /* Images.xcassets in Resources */,
				FA7B5F79199600FF00D0B2AD /* CHAssetDetailViewController.xib in Resources */,
				FACFC32C1995A21700ED936C /* MainMenu.xib in Resources */,
			);
			runOnlyForDeploymentPostprocessing = 0;
		};
/* End PBXResourcesBuildPhase section */

/* Begin PBXSourcesBuildPhase section */
		FACFC2C3199485E900ED936C /* Sources */ = {
			isa = PBXSourcesBuildPhase;
			buildActionMask = 2147483647;
			files = (
				FACFC2EF19955F6800ED936C /* CFTDefines.m in Sources */,
				FACFC2F219958E7000ED936C /* CFTGradient.m in Sources */,
				FACFC2CB199485E900ED936C /* main.m in Sources */,
				FACFC2EA1994B52900ED936C /* CFTElement.m in Sources */,
				FACFC2DE199492C500ED936C /* CFTAsset.m in Sources */,
				FACFC2ED1994B91000ED936C /* CFTElementStore.m in Sources */,
			);
			runOnlyForDeploymentPostprocessing = 0;
		};
		FACFC3181995A21700ED936C /* Sources */ = {
			isa = PBXSourcesBuildPhase;
			buildActionMask = 2147483647;
			files = (
				FAF726CF199719D500CC2366 /* CHImageSliceView.m in Sources */,
				FACFC3401995A26A00ED936C /* CFTAsset.m in Sources */,
				FACFC3481995A3B700ED936C /* CHAppDelegate.m in Sources */,
				FACFC3411995A26A00ED936C /* CFTElement.m in Sources */,
				FA7B5F78199600FF00D0B2AD /* CHAssetDetailViewController.m in Sources */,
				FACFC3421995A26A00ED936C /* CFTElementStore.m in Sources */,
				FACFC3571995BA9400ED936C /* CHElementViewController.m in Sources */,
				FACFC34C1995A3D300ED936C /* CHDocument.m in Sources */,
				FACFC3431995A26A00ED936C /* CFTGradient.m in Sources */,
				FACFC3441995A26A00ED936C /* CFTDefines.m in Sources */,
				FACFC3211995A21700ED936C /* main.m in Sources */,
			);
			runOnlyForDeploymentPostprocessing = 0;
		};
/* End PBXSourcesBuildPhase section */

/* Begin PBXVariantGroup section */
		FACFC32A1995A21700ED936C /* MainMenu.xib */ = {
			isa = PBXVariantGroup;
			children = (
				FACFC32B1995A21700ED936C /* Base */,
			);
			name = MainMenu.xib;
			sourceTree = "<group>";
		};
/* End PBXVariantGroup section */

/* Begin XCBuildConfiguration section */
		FACFC2CC199485E900ED936C /* Debug */ = {
			isa = XCBuildConfiguration;
			buildSettings = {
				ALWAYS_SEARCH_USER_PATHS = NO;
				CLANG_CXX_LANGUAGE_STANDARD = "gnu++0x";
				CLANG_CXX_LIBRARY = "libc++";
				CLANG_ENABLE_MODULES = YES;
				CLANG_ENABLE_OBJC_ARC = YES;
				CLANG_WARN_BOOL_CONVERSION = YES;
				CLANG_WARN_CONSTANT_CONVERSION = YES;
				CLANG_WARN_DIRECT_OBJC_ISA_USAGE = YES_ERROR;
				CLANG_WARN_EMPTY_BODY = YES;
				CLANG_WARN_ENUM_CONVERSION = YES;
				CLANG_WARN_INT_CONVERSION = YES;
				CLANG_WARN_OBJC_ROOT_CLASS = YES_ERROR;
				CLANG_WARN_UNREACHABLE_CODE = YES;
				CLANG_WARN__DUPLICATE_METHOD_MATCH = YES;
				COPY_PHASE_STRIP = NO;
				ENABLE_STRICT_OBJC_MSGSEND = YES;
				GCC_C_LANGUAGE_STANDARD = gnu99;
				GCC_DYNAMIC_NO_PIC = NO;
				GCC_OPTIMIZATION_LEVEL = 0;
				GCC_PREFIX_HEADER = "${SRCROOT}/carFileTool/prefix.pch";
				GCC_PREPROCESSOR_DEFINITIONS = (
					"DEBUG=1",
					"$(inherited)",
				);
				GCC_SYMBOLS_PRIVATE_EXTERN = NO;
				GCC_WARN_64_TO_32_BIT_CONVERSION = YES;
				GCC_WARN_ABOUT_RETURN_TYPE = YES_ERROR;
				GCC_WARN_UNDECLARED_SELECTOR = YES;
				GCC_WARN_UNINITIALIZED_AUTOS = YES_AGGRESSIVE;
				GCC_WARN_UNUSED_FUNCTION = YES;
				GCC_WARN_UNUSED_VARIABLE = YES;
				MACOSX_DEPLOYMENT_TARGET = 10.10;
				MTL_ENABLE_DEBUG_INFO = YES;
				ONLY_ACTIVE_ARCH = YES;
				SDKROOT = macosx;
				SUPPORTED_PLATFORMS = macosx;
			};
			name = Debug;
		};
		FACFC2CD199485E900ED936C /* Release */ = {
			isa = XCBuildConfiguration;
			buildSettings = {
				ALWAYS_SEARCH_USER_PATHS = NO;
				CLANG_CXX_LANGUAGE_STANDARD = "gnu++0x";
				CLANG_CXX_LIBRARY = "libc++";
				CLANG_ENABLE_MODULES = YES;
				CLANG_ENABLE_OBJC_ARC = YES;
				CLANG_WARN_BOOL_CONVERSION = YES;
				CLANG_WARN_CONSTANT_CONVERSION = YES;
				CLANG_WARN_DIRECT_OBJC_ISA_USAGE = YES_ERROR;
				CLANG_WARN_EMPTY_BODY = YES;
				CLANG_WARN_ENUM_CONVERSION = YES;
				CLANG_WARN_INT_CONVERSION = YES;
				CLANG_WARN_OBJC_ROOT_CLASS = YES_ERROR;
				CLANG_WARN_UNREACHABLE_CODE = YES;
				CLANG_WARN__DUPLICATE_METHOD_MATCH = YES;
				COPY_PHASE_STRIP = YES;
				DEBUG_INFORMATION_FORMAT = "dwarf-with-dsym";
				ENABLE_NS_ASSERTIONS = NO;
				ENABLE_STRICT_OBJC_MSGSEND = YES;
				GCC_C_LANGUAGE_STANDARD = gnu99;
				GCC_PREFIX_HEADER = "${SRCROOT}/carFileTool/prefix.pch";
				GCC_WARN_64_TO_32_BIT_CONVERSION = YES;
				GCC_WARN_ABOUT_RETURN_TYPE = YES_ERROR;
				GCC_WARN_UNDECLARED_SELECTOR = YES;
				GCC_WARN_UNINITIALIZED_AUTOS = YES_AGGRESSIVE;
				GCC_WARN_UNUSED_FUNCTION = YES;
				GCC_WARN_UNUSED_VARIABLE = YES;
				MACOSX_DEPLOYMENT_TARGET = 10.10;
				MTL_ENABLE_DEBUG_INFO = NO;
				SDKROOT = macosx;
				SUPPORTED_PLATFORMS = macosx;
			};
			name = Release;
		};
		FACFC2CF199485E900ED936C /* Debug */ = {
			isa = XCBuildConfiguration;
			buildSettings = {
				FRAMEWORK_SEARCH_PATHS = (
					"$(inherited)",
					"$(SYSTEM_LIBRARY_DIR)/PrivateFrameworks",
					"$(LOCAL_LIBRARY_DIR)/Frameworks",
				);
				PRODUCT_NAME = "$(TARGET_NAME)";
			};
			name = Debug;
		};
		FACFC2D0199485E900ED936C /* Release */ = {
			isa = XCBuildConfiguration;
			buildSettings = {
				FRAMEWORK_SEARCH_PATHS = (
					"$(inherited)",
					"$(SYSTEM_LIBRARY_DIR)/PrivateFrameworks",
					"$(LOCAL_LIBRARY_DIR)/Frameworks",
				);
				PRODUCT_NAME = "$(TARGET_NAME)";
			};
			name = Release;
		};
		FACFC33A1995A21700ED936C /* Debug */ = {
			isa = XCBuildConfiguration;
			buildSettings = {
				ASSETCATALOG_COMPILER_APPICON_NAME = AppIcon;
				CODE_SIGN_IDENTITY = "Developer ID Application";
				COMBINE_HIDPI_IMAGES = YES;
				FRAMEWORK_SEARCH_PATHS = (
					"$(inherited)",
					"$(SYSTEM_LIBRARY_DIR)/PrivateFrameworks",
				);
				GCC_PREPROCESSOR_DEFINITIONS = (
					"DEBUG=1",
					"$(inherited)",
				);
				INFOPLIST_FILE = Charade/Info.plist;
				LD_RUNPATH_SEARCH_PATHS = "$(inherited) @executable_path/../Frameworks";
				PRODUCT_NAME = "$(TARGET_NAME)";
			};
			name = Debug;
		};
		FACFC33B1995A21700ED936C /* Release */ = {
			isa = XCBuildConfiguration;
			buildSettings = {
				ASSETCATALOG_COMPILER_APPICON_NAME = AppIcon;
				CODE_SIGN_IDENTITY = "Developer ID Application";
				COMBINE_HIDPI_IMAGES = YES;
				FRAMEWORK_SEARCH_PATHS = (
					"$(inherited)",
					"$(SYSTEM_LIBRARY_DIR)/PrivateFrameworks",
				);
				INFOPLIST_FILE = Charade/Info.plist;
				LD_RUNPATH_SEARCH_PATHS = "$(inherited) @executable_path/../Frameworks";
				PRODUCT_NAME = "$(TARGET_NAME)";
			};
			name = Release;
		};
/* End XCBuildConfiguration section */

/* Begin XCConfigurationList section */
		FACFC2C2199485E900ED936C /* Build configuration list for PBXProject "carFileTool" */ = {
			isa = XCConfigurationList;
			buildConfigurations = (
				FACFC2CC199485E900ED936C /* Debug */,
				FACFC2CD199485E900ED936C /* Release */,
			);
			defaultConfigurationIsVisible = 0;
			defaultConfigurationName = Release;
		};
		FACFC2CE199485E900ED936C /* Build configuration list for PBXNativeTarget "carFileTool" */ = {
			isa = XCConfigurationList;
			buildConfigurations = (
				FACFC2CF199485E900ED936C /* Debug */,
				FACFC2D0199485E900ED936C /* Release */,
			);
			defaultConfigurationIsVisible = 0;
			defaultConfigurationName = Release;
		};
		FACFC3391995A21700ED936C /* Build configuration list for PBXNativeTarget "Charade" */ = {
			isa = XCConfigurationList;
			buildConfigurations = (
				FACFC33A1995A21700ED936C /* Debug */,
				FACFC33B1995A21700ED936C /* Release */,
			);
			defaultConfigurationIsVisible = 0;
			defaultConfigurationName = Release;
		};
/* End XCConfigurationList section */
	};
	rootObject = FACFC2BF199485E900ED936C /* Project object */;
}
