// !$*UTF8*$!
{
	archiveVersion = 1;
	classes = {
	};
	objectVersion = 46;
	objects = {

/* Begin PBXBuildFile section */
		FACFC2CB199485E900ED936C /* main.m in Sources */ = {isa = PBXBuildFile; fileRef = FACFC2CA199485E900ED936C /* main.m */; };
		FACFC2D21994861800ED936C /* CoreUI.framework in Frameworks */ = {isa = PBXBuildFile; fileRef = FACFC2D11994861800ED936C /* CoreUI.framework */; };
		FACFC2DE199492C500ED936C /* CFAsset.m in Sources */ = {isa = PBXBuildFile; fileRef = FACFC2DD199492C500ED936C /* CFAsset.m */; };
/* End PBXBuildFile section */

/* Begin PBXCopyFilesBuildPhase section */
		FACFC2C5199485E900ED936C /* CopyFiles */ = {
			isa = PBXCopyFilesBuildPhase;
			buildActionMask = 2147483647;
			dstPath = /usr/share/man/man1/;
			dstSubfolderSpec = 0;
			files = (
			);
			runOnlyForDeploymentPostprocessing = 1;
		};
/* End PBXCopyFilesBuildPhase section */

/* Begin PBXFileReference section */
		FACFC2C7199485E900ED936C /* carFileTool */ = {isa = PBXFileReference; explicitFileType = "compiled.mach-o.executable"; includeInIndex = 0; path = carFileTool; sourceTree = BUILT_PRODUCTS_DIR; };
		FACFC2CA199485E900ED936C /* main.m */ = {isa = PBXFileReference; lastKnownFileType = sourcecode.c.objc; path = main.m; sourceTree = "<group>"; };
		FACFC2D11994861800ED936C /* CoreUI.framework */ = {isa = PBXFileReference; lastKnownFileType = wrapper.framework; name = CoreUI.framework; path = ../../../../../../../../System/Library/PrivateFrameworks/CoreUI.framework; sourceTree = "<group>"; };
		FACFC2D41994927100ED936C /* CSIBitmapWrapper.h */ = {isa = PBXFileReference; lastKnownFileType = sourcecode.c.h; path = CSIBitmapWrapper.h; sourceTree = "<group>"; };
		FACFC2D51994927100ED936C /* CSIGenerator.h */ = {isa = PBXFileReference; lastKnownFileType = sourcecode.c.h; path = CSIGenerator.h; sourceTree = "<group>"; };
		FACFC2D61994927100ED936C /* CUIMutableCommonAssetStorage.h */ = {isa = PBXFileReference; lastKnownFileType = sourcecode.c.h; path = CUIMutableCommonAssetStorage.h; sourceTree = "<group>"; };
		FACFC2D71994927100ED936C /* CUIRenditionKey.h */ = {isa = PBXFileReference; lastKnownFileType = sourcecode.c.h; path = CUIRenditionKey.h; sourceTree = "<group>"; };
		FACFC2D81994927100ED936C /* CUIRenditionMetrics.h */ = {isa = PBXFileReference; lastKnownFileType = sourcecode.c.h; path = CUIRenditionMetrics.h; sourceTree = "<group>"; };
		FACFC2D91994927100ED936C /* CUIShapeEffectPreset.h */ = {isa = PBXFileReference; lastKnownFileType = sourcecode.c.h; path = CUIShapeEffectPreset.h; sourceTree = "<group>"; };
		FACFC2DA1994927100ED936C /* CUIThemeGradient.h */ = {isa = PBXFileReference; lastKnownFileType = sourcecode.c.h; path = CUIThemeGradient.h; sourceTree = "<group>"; };
		FACFC2DB1994927100ED936C /* CUIThemeRendition.h */ = {isa = PBXFileReference; lastKnownFileType = sourcecode.c.h; path = CUIThemeRendition.h; sourceTree = "<group>"; };
		FACFC2DC199492C500ED936C /* CFAsset.h */ = {isa = PBXFileReference; fileEncoding = 4; lastKnownFileType = sourcecode.c.h; name = CFAsset.h; path = src/CFAsset.h; sourceTree = "<group>"; };
		FACFC2DD199492C500ED936C /* CFAsset.m */ = {isa = PBXFileReference; fileEncoding = 4; lastKnownFileType = sourcecode.c.objc; name = CFAsset.m; path = src/CFAsset.m; sourceTree = "<group>"; };
		FACFC2DF199494AB00ED936C /* CUIMutableStructuredThemeStore.h */ = {isa = PBXFileReference; lastKnownFileType = sourcecode.c.h; path = CUIMutableStructuredThemeStore.h; sourceTree = "<group>"; };
		FACFC2E0199494AB00ED936C /* CUIStructuredThemeStore.h */ = {isa = PBXFileReference; lastKnownFileType = sourcecode.c.h; path = CUIStructuredThemeStore.h; sourceTree = "<group>"; };
		FACFC2E1199494C100ED936C /* CUICommonAssetStorage.h */ = {isa = PBXFileReference; lastKnownFileType = sourcecode.c.h; path = CUICommonAssetStorage.h; sourceTree = "<group>"; };
		FACFC2E21994998C00ED936C /* CFDefines.h */ = {isa = PBXFileReference; lastKnownFileType = sourcecode.c.h; path = CFDefines.h; sourceTree = "<group>"; };
		FACFC2E3199499C000ED936C /* prefix.pch */ = {isa = PBXFileReference; lastKnownFileType = sourcecode.c.h; path = prefix.pch; sourceTree = "<group>"; };
		FACFC2E419949B1B00ED936C /* CUIPSDGradient.h */ = {isa = PBXFileReference; lastKnownFileType = sourcecode.c.h; path = CUIPSDGradient.h; sourceTree = "<group>"; };
		FACFC2E519949BEC00ED936C /* CUIPSDGradientEvaluator.h */ = {isa = PBXFileReference; lastKnownFileType = sourcecode.c.h; path = CUIPSDGradientEvaluator.h; sourceTree = "<group>"; };
/* End PBXFileReference section */

/* Begin PBXFrameworksBuildPhase section */
		FACFC2C4199485E900ED936C /* Frameworks */ = {
			isa = PBXFrameworksBuildPhase;
			buildActionMask = 2147483647;
			files = (
				FACFC2D21994861800ED936C /* CoreUI.framework in Frameworks */,
			);
			runOnlyForDeploymentPostprocessing = 0;
		};
/* End PBXFrameworksBuildPhase section */

/* Begin PBXGroup section */
		FACFC2BE199485E900ED936C = {
			isa = PBXGroup;
			children = (
				FACFC2D11994861800ED936C /* CoreUI.framework */,
				FACFC2C9199485E900ED936C /* carFileTool */,
				FACFC2C8199485E900ED936C /* Products */,
			);
			sourceTree = "<group>";
		};
		FACFC2C8199485E900ED936C /* Products */ = {
			isa = PBXGroup;
			children = (
				FACFC2C7199485E900ED936C /* carFileTool */,
			);
			name = Products;
			sourceTree = "<group>";
		};
		FACFC2C9199485E900ED936C /* carFileTool */ = {
			isa = PBXGroup;
			children = (
				FACFC2D31994927100ED936C /* CoreUI */,
				FACFC2CA199485E900ED936C /* main.m */,
				FACFC2DC199492C500ED936C /* CFAsset.h */,
				FACFC2DD199492C500ED936C /* CFAsset.m */,
				FACFC2E21994998C00ED936C /* CFDefines.h */,
				FACFC2E3199499C000ED936C /* prefix.pch */,
			);
			path = carFileTool;
			sourceTree = "<group>";
		};
		FACFC2D31994927100ED936C /* CoreUI */ = {
			isa = PBXGroup;
			children = (
				FACFC2D41994927100ED936C /* CSIBitmapWrapper.h */,
				FACFC2D51994927100ED936C /* CSIGenerator.h */,
				FACFC2E419949B1B00ED936C /* CUIPSDGradient.h */,
				FACFC2E519949BEC00ED936C /* CUIPSDGradientEvaluator.h */,
				FACFC2D61994927100ED936C /* CUIMutableCommonAssetStorage.h */,
				FACFC2E1199494C100ED936C /* CUICommonAssetStorage.h */,
				FACFC2DF199494AB00ED936C /* CUIMutableStructuredThemeStore.h */,
				FACFC2E0199494AB00ED936C /* CUIStructuredThemeStore.h */,
				FACFC2D71994927100ED936C /* CUIRenditionKey.h */,
				FACFC2D81994927100ED936C /* CUIRenditionMetrics.h */,
				FACFC2D91994927100ED936C /* CUIShapeEffectPreset.h */,
				FACFC2DA1994927100ED936C /* CUIThemeGradient.h */,
				FACFC2DB1994927100ED936C /* CUIThemeRendition.h */,
			);
			path = CoreUI;
			sourceTree = "<group>";
		};
/* End PBXGroup section */

/* Begin PBXNativeTarget section */
		FACFC2C6199485E900ED936C /* carFileTool */ = {
			isa = PBXNativeTarget;
			buildConfigurationList = FACFC2CE199485E900ED936C /* Build configuration list for PBXNativeTarget "carFileTool" */;
			buildPhases = (
				FACFC2C3199485E900ED936C /* Sources */,
				FACFC2C4199485E900ED936C /* Frameworks */,
				FACFC2C5199485E900ED936C /* CopyFiles */,
			);
			buildRules = (
			);
			dependencies = (
			);
			name = carFileTool;
			productName = carFileTool;
			productReference = FACFC2C7199485E900ED936C /* carFileTool */;
			productType = "com.apple.product-type.tool";
		};
/* End PBXNativeTarget section */

/* Begin PBXProject section */
		FACFC2BF199485E900ED936C /* Project object */ = {
			isa = PBXProject;
			attributes = {
				LastUpgradeCheck = 0600;
				ORGANIZATIONNAME = "Alexander Zielenski";
				TargetAttributes = {
					FACFC2C6199485E900ED936C = {
						CreatedOnToolsVersion = 6.0;
					};
				};
			};
			buildConfigurationList = FACFC2C2199485E900ED936C /* Build configuration list for PBXProject "carFileTool" */;
			compatibilityVersion = "Xcode 3.2";
			developmentRegion = English;
			hasScannedForEncodings = 0;
			knownRegions = (
				en,
			);
			mainGroup = FACFC2BE199485E900ED936C;
			productRefGroup = FACFC2C8199485E900ED936C /* Products */;
			projectDirPath = "";
			projectRoot = "";
			targets = (
				FACFC2C6199485E900ED936C /* carFileTool */,
			);
		};
/* End PBXProject section */

/* Begin PBXSourcesBuildPhase section */
		FACFC2C3199485E900ED936C /* Sources */ = {
			isa = PBXSourcesBuildPhase;
			buildActionMask = 2147483647;
			files = (
				FACFC2CB199485E900ED936C /* main.m in Sources */,
				FACFC2DE199492C500ED936C /* CFAsset.m in Sources */,
			);
			runOnlyForDeploymentPostprocessing = 0;
		};
/* End PBXSourcesBuildPhase section */

/* Begin XCBuildConfiguration section */
		FACFC2CC199485E900ED936C /* Debug */ = {
			isa = XCBuildConfiguration;
			buildSettings = {
				ALWAYS_SEARCH_USER_PATHS = NO;
				CLANG_CXX_LANGUAGE_STANDARD = "gnu++0x";
				CLANG_CXX_LIBRARY = "libc++";
				CLANG_ENABLE_MODULES = YES;
				CLANG_ENABLE_OBJC_ARC = YES;
				CLANG_WARN_BOOL_CONVERSION = YES;
				CLANG_WARN_CONSTANT_CONVERSION = YES;
				CLANG_WARN_DIRECT_OBJC_ISA_USAGE = YES_ERROR;
				CLANG_WARN_EMPTY_BODY = YES;
				CLANG_WARN_ENUM_CONVERSION = YES;
				CLANG_WARN_INT_CONVERSION = YES;
				CLANG_WARN_OBJC_ROOT_CLASS = YES_ERROR;
				CLANG_WARN_UNREACHABLE_CODE = YES;
				CLANG_WARN__DUPLICATE_METHOD_MATCH = YES;
				COPY_PHASE_STRIP = NO;
				ENABLE_STRICT_OBJC_MSGSEND = YES;
				GCC_C_LANGUAGE_STANDARD = gnu99;
				GCC_DYNAMIC_NO_PIC = NO;
				GCC_OPTIMIZATION_LEVEL = 0;
				GCC_PREPROCESSOR_DEFINITIONS = (
					"DEBUG=1",
					"$(inherited)",
				);
				GCC_SYMBOLS_PRIVATE_EXTERN = NO;
				GCC_WARN_64_TO_32_BIT_CONVERSION = YES;
				GCC_WARN_ABOUT_RETURN_TYPE = YES_ERROR;
				GCC_WARN_UNDECLARED_SELECTOR = YES;
				GCC_WARN_UNINITIALIZED_AUTOS = YES_AGGRESSIVE;
				GCC_WARN_UNUSED_FUNCTION = YES;
				GCC_WARN_UNUSED_VARIABLE = YES;
				MACOSX_DEPLOYMENT_TARGET = 10.10;
				MTL_ENABLE_DEBUG_INFO = YES;
				ONLY_ACTIVE_ARCH = YES;
				SDKROOT = macosx;
			};
			name = Debug;
		};
		FACFC2CD199485E900ED936C /* Release */ = {
			isa = XCBuildConfiguration;
			buildSettings = {
				ALWAYS_SEARCH_USER_PATHS = NO;
				CLANG_CXX_LANGUAGE_STANDARD = "gnu++0x";
				CLANG_CXX_LIBRARY = "libc++";
				CLANG_ENABLE_MODULES = YES;
				CLANG_ENABLE_OBJC_ARC = YES;
				CLANG_WARN_BOOL_CONVERSION = YES;
				CLANG_WARN_CONSTANT_CONVERSION = YES;
				CLANG_WARN_DIRECT_OBJC_ISA_USAGE = YES_ERROR;
				CLANG_WARN_EMPTY_BODY = YES;
				CLANG_WARN_ENUM_CONVERSION = YES;
				CLANG_WARN_INT_CONVERSION = YES;
				CLANG_WARN_OBJC_ROOT_CLASS = YES_ERROR;
				CLANG_WARN_UNREACHABLE_CODE = YES;
				CLANG_WARN__DUPLICATE_METHOD_MATCH = YES;
				COPY_PHASE_STRIP = YES;
				DEBUG_INFORMATION_FORMAT = "dwarf-with-dsym";
				ENABLE_NS_ASSERTIONS = NO;
				ENABLE_STRICT_OBJC_MSGSEND = YES;
				GCC_C_LANGUAGE_STANDARD = gnu99;
				GCC_WARN_64_TO_32_BIT_CONVERSION = YES;
				GCC_WARN_ABOUT_RETURN_TYPE = YES_ERROR;
				GCC_WARN_UNDECLARED_SELECTOR = YES;
				GCC_WARN_UNINITIALIZED_AUTOS = YES_AGGRESSIVE;
				GCC_WARN_UNUSED_FUNCTION = YES;
				GCC_WARN_UNUSED_VARIABLE = YES;
				MACOSX_DEPLOYMENT_TARGET = 10.10;
				MTL_ENABLE_DEBUG_INFO = NO;
				SDKROOT = macosx;
			};
			name = Release;
		};
		FACFC2CF199485E900ED936C /* Debug */ = {
			isa = XCBuildConfiguration;
			buildSettings = {
				FRAMEWORK_SEARCH_PATHS = (
					"$(inherited)",
					"$(SYSTEM_LIBRARY_DIR)/PrivateFrameworks",
				);
				GCC_PREFIX_HEADER = "${SRCROOT}/carFileTool/prefix.pch";
				PRODUCT_NAME = "$(TARGET_NAME)";
			};
			name = Debug;
		};
		FACFC2D0199485E900ED936C /* Release */ = {
			isa = XCBuildConfiguration;
			buildSettings = {
				FRAMEWORK_SEARCH_PATHS = (
					"$(inherited)",
					"$(SYSTEM_LIBRARY_DIR)/PrivateFrameworks",
				);
				GCC_PREFIX_HEADER = "${SRCROOT}/carFileTool/prefix.pch";
				PRODUCT_NAME = "$(TARGET_NAME)";
			};
			name = Release;
		};
/* End XCBuildConfiguration section */

/* Begin XCConfigurationList section */
		FACFC2C2199485E900ED936C /* Build configuration list for PBXProject "carFileTool" */ = {
			isa = XCConfigurationList;
			buildConfigurations = (
				FACFC2CC199485E900ED936C /* Debug */,
				FACFC2CD199485E900ED936C /* Release */,
			);
			defaultConfigurationIsVisible = 0;
			defaultConfigurationName = Release;
		};
		FACFC2CE199485E900ED936C /* Build configuration list for PBXNativeTarget "carFileTool" */ = {
			isa = XCConfigurationList;
			buildConfigurations = (
				FACFC2CF199485E900ED936C /* Debug */,
				FACFC2D0199485E900ED936C /* Release */,
			);
			defaultConfigurationIsVisible = 0;
		};
/* End XCConfigurationList section */
	};
	rootObject = FACFC2BF199485E900ED936C /* Project object */;
}
